// !$*UTF8*$!
{
	archiveVersion = 1;
	classes = {
	};
	objectVersion = 46;
	objects = {

/* Begin PBXBuildFile section */
		2D0A53A81971997F0091FFCA /* InspirationCellCollectionView.m in Sources */ = {isa = PBXBuildFile; fileRef = 2D0A53A71971997F0091FFCA /* InspirationCellCollectionView.m */; };
		2D0A53AC1971ABFF0091FFCA /* FindFriendsViewController.m in Sources */ = {isa = PBXBuildFile; fileRef = 2D0A53AB1971ABFF0091FFCA /* FindFriendsViewController.m */; };
		2D410F481973575C00CE2940 /* FeedViewController.m in Sources */ = {isa = PBXBuildFile; fileRef = 2D410F471973575C00CE2940 /* FeedViewController.m */; };
		2D410F4C1973581A00CE2940 /* FeedCollectionViewFlowLayout.m in Sources */ = {isa = PBXBuildFile; fileRef = 2D410F4B1973581A00CE2940 /* FeedCollectionViewFlowLayout.m */; };
		2D410F4F19735B5B00CE2940 /* FitTagNavigationBar.m in Sources */ = {isa = PBXBuildFile; fileRef = 2D410F4E19735B5B00CE2940 /* FitTagNavigationBar.m */; };
		2D410F5219735B7500CE2940 /* FitTagToolBar.m in Sources */ = {isa = PBXBuildFile; fileRef = 2D410F5119735B7500CE2940 /* FitTagToolBar.m */; };
		2D429A0B1977ED6000F8A9A0 /* ProfileViewController.m in Sources */ = {isa = PBXBuildFile; fileRef = 2D429A0A1977ED6000F8A9A0 /* ProfileViewController.m */; };
		2D429A0E1977EE7700F8A9A0 /* SearchViewController.m in Sources */ = {isa = PBXBuildFile; fileRef = 2D429A0D1977EE7700F8A9A0 /* SearchViewController.m */; };
		2D429A111977EE8F00F8A9A0 /* NotificationsViewController.m in Sources */ = {isa = PBXBuildFile; fileRef = 2D429A101977EE8F00F8A9A0 /* NotificationsViewController.m */; };
		2D429A141977EE9E00F8A9A0 /* OffersViewController.m in Sources */ = {isa = PBXBuildFile; fileRef = 2D429A131977EE9E00F8A9A0 /* OffersViewController.m */; };
		2D6E0224196A24A1004DC010 /* InterestFlowLayout.m in Sources */ = {isa = PBXBuildFile; fileRef = 2D6E0223196A24A1004DC010 /* InterestFlowLayout.m */; };
		2DAA63DE1957A51F003B1DDF /* UIView+FormScroll.m in Sources */ = {isa = PBXBuildFile; fileRef = 2DAA63DD1957A51F003B1DDF /* UIView+FormScroll.m */; };
		2DABDA03195DA48200379891 /* AssetsLibrary.framework in Frameworks */ = {isa = PBXBuildFile; fileRef = 2DABDA02195DA48200379891 /* AssetsLibrary.framework */; };
		2DABDA06195DC0E500379891 /* PhotoCellCollectionView.m in Sources */ = {isa = PBXBuildFile; fileRef = 2DABDA05195DC0E500379891 /* PhotoCellCollectionView.m */; };
		2DABDA0A195DE15900379891 /* ImageCustomNavigationBar.m in Sources */ = {isa = PBXBuildFile; fileRef = 2DABDA09195DE15900379891 /* ImageCustomNavigationBar.m */; };
		2DABDA0D1960520800379891 /* CustomToolBar.m in Sources */ = {isa = PBXBuildFile; fileRef = 2DABDA0C1960520800379891 /* CustomToolBar.m */; };
		2DACD9751962D62200833C14 /* InterestCellCollectionView.m in Sources */ = {isa = PBXBuildFile; fileRef = 2DACD9741962D62200833C14 /* InterestCellCollectionView.m */; };
		2DACD97819656F8900833C14 /* InterestCollectionViewFlowLayout.m in Sources */ = {isa = PBXBuildFile; fileRef = 2DACD97719656F8900833C14 /* InterestCollectionViewFlowLayout.m */; };
		2DACD97B196578DA00833C14 /* InspirationViewController.m in Sources */ = {isa = PBXBuildFile; fileRef = 2DACD97A196578DA00833C14 /* InspirationViewController.m */; };
		2DACE8141966FF7200154504 /* CollectionHeaderView.m in Sources */ = {isa = PBXBuildFile; fileRef = 2DACE8131966FF7200154504 /* CollectionHeaderView.m */; };
		2DBC6E5A195C783C008B5AD3 /* ImageCollectionViewController.m in Sources */ = {isa = PBXBuildFile; fileRef = 2DBC6E59195C783C008B5AD3 /* ImageCollectionViewController.m */; };
		2DBC6EA1195CBCE2008B5AD3 /* InterestsViewController.m in Sources */ = {isa = PBXBuildFile; fileRef = 2DBC6EA0195CBCE2008B5AD3 /* InterestsViewController.m */; };
		2DD6914D1949AF5B00B59E75 /* Foundation.framework in Frameworks */ = {isa = PBXBuildFile; fileRef = 2DD6914C1949AF5B00B59E75 /* Foundation.framework */; };
		2DD6914F1949AF5B00B59E75 /* CoreGraphics.framework in Frameworks */ = {isa = PBXBuildFile; fileRef = 2DD6914E1949AF5B00B59E75 /* CoreGraphics.framework */; };
		2DD691511949AF5B00B59E75 /* UIKit.framework in Frameworks */ = {isa = PBXBuildFile; fileRef = 2DD691501949AF5B00B59E75 /* UIKit.framework */; };
		2DD691571949AF5B00B59E75 /* InfoPlist.strings in Resources */ = {isa = PBXBuildFile; fileRef = 2DD691551949AF5B00B59E75 /* InfoPlist.strings */; };
		2DD691591949AF5B00B59E75 /* main.m in Sources */ = {isa = PBXBuildFile; fileRef = 2DD691581949AF5B00B59E75 /* main.m */; };
		2DD6915D1949AF5B00B59E75 /* AppDelegate.m in Sources */ = {isa = PBXBuildFile; fileRef = 2DD6915C1949AF5B00B59E75 /* AppDelegate.m */; };
		2DD691601949AF5B00B59E75 /* Main.storyboard in Resources */ = {isa = PBXBuildFile; fileRef = 2DD6915E1949AF5B00B59E75 /* Main.storyboard */; };
		2DD691651949AF5B00B59E75 /* Images.xcassets in Resources */ = {isa = PBXBuildFile; fileRef = 2DD691641949AF5B00B59E75 /* Images.xcassets */; };
		2DD6916C1949AF5B00B59E75 /* XCTest.framework in Frameworks */ = {isa = PBXBuildFile; fileRef = 2DD6916B1949AF5B00B59E75 /* XCTest.framework */; };
		2DD6916D1949AF5B00B59E75 /* Foundation.framework in Frameworks */ = {isa = PBXBuildFile; fileRef = 2DD6914C1949AF5B00B59E75 /* Foundation.framework */; };
		2DD6916E1949AF5B00B59E75 /* UIKit.framework in Frameworks */ = {isa = PBXBuildFile; fileRef = 2DD691501949AF5B00B59E75 /* UIKit.framework */; };
		2DD691761949AF5B00B59E75 /* InfoPlist.strings in Resources */ = {isa = PBXBuildFile; fileRef = 2DD691741949AF5B00B59E75 /* InfoPlist.strings */; };
		2DD691781949AF5B00B59E75 /* FitTagTests.m in Sources */ = {isa = PBXBuildFile; fileRef = 2DD691771949AF5B00B59E75 /* FitTagTests.m */; };
		2DD691821949AFA100B59E75 /* Parse.framework in Frameworks */ = {isa = PBXBuildFile; fileRef = 2DD691811949AFA100B59E75 /* Parse.framework */; };
		2DD691871949B04F00B59E75 /* AudioToolbox.framework in Frameworks */ = {isa = PBXBuildFile; fileRef = 2DD691831949B04F00B59E75 /* AudioToolbox.framework */; };
		2DD691881949B04F00B59E75 /* CFNetwork.framework in Frameworks */ = {isa = PBXBuildFile; fileRef = 2DD691841949B04F00B59E75 /* CFNetwork.framework */; };
		2DD691891949B04F00B59E75 /* CoreLocation.framework in Frameworks */ = {isa = PBXBuildFile; fileRef = 2DD691851949B04F00B59E75 /* CoreLocation.framework */; };
		2DD6918A1949B04F00B59E75 /* libz.dylib in Frameworks */ = {isa = PBXBuildFile; fileRef = 2DD691861949B04F00B59E75 /* libz.dylib */; };
		2DD691901949B07C00B59E75 /* MobileCoreServices.framework in Frameworks */ = {isa = PBXBuildFile; fileRef = 2DD6918B1949B07C00B59E75 /* MobileCoreServices.framework */; };
		2DD691911949B07C00B59E75 /* QuartzCore.framework in Frameworks */ = {isa = PBXBuildFile; fileRef = 2DD6918C1949B07C00B59E75 /* QuartzCore.framework */; };
		2DD691921949B07C00B59E75 /* Security.framework in Frameworks */ = {isa = PBXBuildFile; fileRef = 2DD6918D1949B07C00B59E75 /* Security.framework */; };
		2DD691931949B07C00B59E75 /* StoreKit.framework in Frameworks */ = {isa = PBXBuildFile; fileRef = 2DD6918E1949B07C00B59E75 /* StoreKit.framework */; };
		2DD691941949B07C00B59E75 /* SystemConfiguration.framework in Frameworks */ = {isa = PBXBuildFile; fileRef = 2DD6918F1949B07C00B59E75 /* SystemConfiguration.framework */; };
		2DD691981949B24300B59E75 /* FitTagConfigViewController.m in Sources */ = {isa = PBXBuildFile; fileRef = 2DD691971949B24300B59E75 /* FitTagConfigViewController.m */; };
		2DD6919B1949B71B00B59E75 /* FitTagLoginViewController.m in Sources */ = {isa = PBXBuildFile; fileRef = 2DD6919A1949B71B00B59E75 /* FitTagLoginViewController.m */; };
		2DD6919E1949B74400B59E75 /* FitTagSignupViewController.m in Sources */ = {isa = PBXBuildFile; fileRef = 2DD6919D1949B74400B59E75 /* FitTagSignupViewController.m */; };
		2DD691A01949C7BA00B59E75 /* Social.framework in Frameworks */ = {isa = PBXBuildFile; fileRef = 2DD6919F1949C7BA00B59E75 /* Social.framework */; };
		2DD691A21949C7C700B59E75 /* Accounts.framework in Frameworks */ = {isa = PBXBuildFile; fileRef = 2DD691A11949C7C700B59E75 /* Accounts.framework */; };
		2DD691A41949C7E300B59E75 /* FacebookSDK.framework in Frameworks */ = {isa = PBXBuildFile; fileRef = 2DD691A31949C7E300B59E75 /* FacebookSDK.framework */; };
		2DFE736C197316A700114541 /* FindFriendsFlowLayout.m in Sources */ = {isa = PBXBuildFile; fileRef = 2DFE736B197316A700114541 /* FindFriendsFlowLayout.m */; };
/* End PBXBuildFile section */

/* Begin PBXContainerItemProxy section */
		2DD6916F1949AF5B00B59E75 /* PBXContainerItemProxy */ = {
			isa = PBXContainerItemProxy;
			containerPortal = 2DD691411949AF5B00B59E75 /* Project object */;
			proxyType = 1;
			remoteGlobalIDString = 2DD691481949AF5B00B59E75;
			remoteInfo = FitTag;
		};
/* End PBXContainerItemProxy section */

/* Begin PBXFileReference section */
		2D0A53A61971997F0091FFCA /* InspirationCellCollectionView.h */ = {isa = PBXFileReference; fileEncoding = 4; lastKnownFileType = sourcecode.c.h; path = InspirationCellCollectionView.h; sourceTree = "<group>"; };
		2D0A53A71971997F0091FFCA /* InspirationCellCollectionView.m */ = {isa = PBXFileReference; fileEncoding = 4; lastKnownFileType = sourcecode.c.objc; path = InspirationCellCollectionView.m; sourceTree = "<group>"; };
		2D0A53AA1971ABFF0091FFCA /* FindFriendsViewController.h */ = {isa = PBXFileReference; fileEncoding = 4; lastKnownFileType = sourcecode.c.h; path = FindFriendsViewController.h; sourceTree = "<group>"; };
		2D0A53AB1971ABFF0091FFCA /* FindFriendsViewController.m */ = {isa = PBXFileReference; fileEncoding = 4; lastKnownFileType = sourcecode.c.objc; path = FindFriendsViewController.m; sourceTree = "<group>"; };
		2D410F461973575C00CE2940 /* FeedViewController.h */ = {isa = PBXFileReference; fileEncoding = 4; lastKnownFileType = sourcecode.c.h; path = FeedViewController.h; sourceTree = "<group>"; };
		2D410F471973575C00CE2940 /* FeedViewController.m */ = {isa = PBXFileReference; fileEncoding = 4; lastKnownFileType = sourcecode.c.objc; path = FeedViewController.m; sourceTree = "<group>"; };
		2D410F4A1973581A00CE2940 /* FeedCollectionViewFlowLayout.h */ = {isa = PBXFileReference; fileEncoding = 4; lastKnownFileType = sourcecode.c.h; path = FeedCollectionViewFlowLayout.h; sourceTree = "<group>"; };
		2D410F4B1973581A00CE2940 /* FeedCollectionViewFlowLayout.m */ = {isa = PBXFileReference; fileEncoding = 4; lastKnownFileType = sourcecode.c.objc; path = FeedCollectionViewFlowLayout.m; sourceTree = "<group>"; };
		2D410F4D19735B5B00CE2940 /* FitTagNavigationBar.h */ = {isa = PBXFileReference; fileEncoding = 4; lastKnownFileType = sourcecode.c.h; path = FitTagNavigationBar.h; sourceTree = "<group>"; };
		2D410F4E19735B5B00CE2940 /* FitTagNavigationBar.m */ = {isa = PBXFileReference; fileEncoding = 4; lastKnownFileType = sourcecode.c.objc; path = FitTagNavigationBar.m; sourceTree = "<group>"; };
		2D410F5019735B7500CE2940 /* FitTagToolBar.h */ = {isa = PBXFileReference; fileEncoding = 4; lastKnownFileType = sourcecode.c.h; path = FitTagToolBar.h; sourceTree = "<group>"; };
		2D410F5119735B7500CE2940 /* FitTagToolBar.m */ = {isa = PBXFileReference; fileEncoding = 4; lastKnownFileType = sourcecode.c.objc; path = FitTagToolBar.m; sourceTree = "<group>"; };
		2D429A091977ED6000F8A9A0 /* ProfileViewController.h */ = {isa = PBXFileReference; fileEncoding = 4; lastKnownFileType = sourcecode.c.h; path = ProfileViewController.h; sourceTree = "<group>"; };
		2D429A0A1977ED6000F8A9A0 /* ProfileViewController.m */ = {isa = PBXFileReference; fileEncoding = 4; lastKnownFileType = sourcecode.c.objc; path = ProfileViewController.m; sourceTree = "<group>"; };
		2D429A0C1977EE7700F8A9A0 /* SearchViewController.h */ = {isa = PBXFileReference; fileEncoding = 4; lastKnownFileType = sourcecode.c.h; path = SearchViewController.h; sourceTree = "<group>"; };
		2D429A0D1977EE7700F8A9A0 /* SearchViewController.m */ = {isa = PBXFileReference; fileEncoding = 4; lastKnownFileType = sourcecode.c.objc; path = SearchViewController.m; sourceTree = "<group>"; };
		2D429A0F1977EE8F00F8A9A0 /* NotificationsViewController.h */ = {isa = PBXFileReference; fileEncoding = 4; lastKnownFileType = sourcecode.c.h; path = NotificationsViewController.h; sourceTree = "<group>"; };
		2D429A101977EE8F00F8A9A0 /* NotificationsViewController.m */ = {isa = PBXFileReference; fileEncoding = 4; lastKnownFileType = sourcecode.c.objc; path = NotificationsViewController.m; sourceTree = "<group>"; };
		2D429A121977EE9E00F8A9A0 /* OffersViewController.h */ = {isa = PBXFileReference; fileEncoding = 4; lastKnownFileType = sourcecode.c.h; path = OffersViewController.h; sourceTree = "<group>"; };
		2D429A131977EE9E00F8A9A0 /* OffersViewController.m */ = {isa = PBXFileReference; fileEncoding = 4; lastKnownFileType = sourcecode.c.objc; path = OffersViewController.m; sourceTree = "<group>"; };
		2D6E0222196A24A1004DC010 /* InterestFlowLayout.h */ = {isa = PBXFileReference; fileEncoding = 4; lastKnownFileType = sourcecode.c.h; path = InterestFlowLayout.h; sourceTree = "<group>"; };
		2D6E0223196A24A1004DC010 /* InterestFlowLayout.m */ = {isa = PBXFileReference; fileEncoding = 4; lastKnownFileType = sourcecode.c.objc; path = InterestFlowLayout.m; sourceTree = "<group>"; };
		2DAA63DC1957A51F003B1DDF /* UIView+FormScroll.h */ = {isa = PBXFileReference; fileEncoding = 4; lastKnownFileType = sourcecode.c.h; path = "UIView+FormScroll.h"; sourceTree = "<group>"; };
		2DAA63DD1957A51F003B1DDF /* UIView+FormScroll.m */ = {isa = PBXFileReference; fileEncoding = 4; lastKnownFileType = sourcecode.c.objc; path = "UIView+FormScroll.m"; sourceTree = "<group>"; };
		2DABDA02195DA48200379891 /* AssetsLibrary.framework */ = {isa = PBXFileReference; lastKnownFileType = wrapper.framework; name = AssetsLibrary.framework; path = System/Library/Frameworks/AssetsLibrary.framework; sourceTree = SDKROOT; };
		2DABDA04195DC0E500379891 /* PhotoCellCollectionView.h */ = {isa = PBXFileReference; fileEncoding = 4; lastKnownFileType = sourcecode.c.h; path = PhotoCellCollectionView.h; sourceTree = "<group>"; };
		2DABDA05195DC0E500379891 /* PhotoCellCollectionView.m */ = {isa = PBXFileReference; fileEncoding = 4; lastKnownFileType = sourcecode.c.objc; path = PhotoCellCollectionView.m; sourceTree = "<group>"; };
		2DABDA08195DE15900379891 /* ImageCustomNavigationBar.h */ = {isa = PBXFileReference; fileEncoding = 4; lastKnownFileType = sourcecode.c.h; path = ImageCustomNavigationBar.h; sourceTree = "<group>"; };
		2DABDA09195DE15900379891 /* ImageCustomNavigationBar.m */ = {isa = PBXFileReference; fileEncoding = 4; lastKnownFileType = sourcecode.c.objc; path = ImageCustomNavigationBar.m; sourceTree = "<group>"; };
		2DABDA0B1960520800379891 /* CustomToolBar.h */ = {isa = PBXFileReference; fileEncoding = 4; lastKnownFileType = sourcecode.c.h; path = CustomToolBar.h; sourceTree = "<group>"; };
		2DABDA0C1960520800379891 /* CustomToolBar.m */ = {isa = PBXFileReference; fileEncoding = 4; lastKnownFileType = sourcecode.c.objc; path = CustomToolBar.m; sourceTree = "<group>"; };
		2DACD9731962D62200833C14 /* InterestCellCollectionView.h */ = {isa = PBXFileReference; fileEncoding = 4; lastKnownFileType = sourcecode.c.h; path = InterestCellCollectionView.h; sourceTree = "<group>"; };
		2DACD9741962D62200833C14 /* InterestCellCollectionView.m */ = {isa = PBXFileReference; fileEncoding = 4; lastKnownFileType = sourcecode.c.objc; path = InterestCellCollectionView.m; sourceTree = "<group>"; };
		2DACD97619656F8900833C14 /* InterestCollectionViewFlowLayout.h */ = {isa = PBXFileReference; fileEncoding = 4; lastKnownFileType = sourcecode.c.h; path = InterestCollectionViewFlowLayout.h; sourceTree = "<group>"; };
		2DACD97719656F8900833C14 /* InterestCollectionViewFlowLayout.m */ = {isa = PBXFileReference; fileEncoding = 4; lastKnownFileType = sourcecode.c.objc; path = InterestCollectionViewFlowLayout.m; sourceTree = "<group>"; };
		2DACD979196578DA00833C14 /* InspirationViewController.h */ = {isa = PBXFileReference; fileEncoding = 4; lastKnownFileType = sourcecode.c.h; path = InspirationViewController.h; sourceTree = "<group>"; };
		2DACD97A196578DA00833C14 /* InspirationViewController.m */ = {isa = PBXFileReference; fileEncoding = 4; lastKnownFileType = sourcecode.c.objc; path = InspirationViewController.m; sourceTree = "<group>"; };
		2DACE8121966FF7200154504 /* CollectionHeaderView.h */ = {isa = PBXFileReference; fileEncoding = 4; lastKnownFileType = sourcecode.c.h; path = CollectionHeaderView.h; sourceTree = "<group>"; };
		2DACE8131966FF7200154504 /* CollectionHeaderView.m */ = {isa = PBXFileReference; fileEncoding = 4; lastKnownFileType = sourcecode.c.objc; path = CollectionHeaderView.m; sourceTree = "<group>"; };
		2DBC6E58195C783C008B5AD3 /* ImageCollectionViewController.h */ = {isa = PBXFileReference; fileEncoding = 4; lastKnownFileType = sourcecode.c.h; path = ImageCollectionViewController.h; sourceTree = "<group>"; };
		2DBC6E59195C783C008B5AD3 /* ImageCollectionViewController.m */ = {isa = PBXFileReference; fileEncoding = 4; lastKnownFileType = sourcecode.c.objc; path = ImageCollectionViewController.m; sourceTree = "<group>"; };
		2DBC6E9F195CBCE2008B5AD3 /* InterestsViewController.h */ = {isa = PBXFileReference; fileEncoding = 4; lastKnownFileType = sourcecode.c.h; path = InterestsViewController.h; sourceTree = "<group>"; };
		2DBC6EA0195CBCE2008B5AD3 /* InterestsViewController.m */ = {isa = PBXFileReference; fileEncoding = 4; lastKnownFileType = sourcecode.c.objc; path = InterestsViewController.m; sourceTree = "<group>"; };
		2DD691491949AF5B00B59E75 /* FitTag.app */ = {isa = PBXFileReference; explicitFileType = wrapper.application; includeInIndex = 0; path = FitTag.app; sourceTree = BUILT_PRODUCTS_DIR; };
		2DD6914C1949AF5B00B59E75 /* Foundation.framework */ = {isa = PBXFileReference; lastKnownFileType = wrapper.framework; name = Foundation.framework; path = System/Library/Frameworks/Foundation.framework; sourceTree = SDKROOT; };
		2DD6914E1949AF5B00B59E75 /* CoreGraphics.framework */ = {isa = PBXFileReference; lastKnownFileType = wrapper.framework; name = CoreGraphics.framework; path = System/Library/Frameworks/CoreGraphics.framework; sourceTree = SDKROOT; };
		2DD691501949AF5B00B59E75 /* UIKit.framework */ = {isa = PBXFileReference; lastKnownFileType = wrapper.framework; name = UIKit.framework; path = System/Library/Frameworks/UIKit.framework; sourceTree = SDKROOT; };
		2DD691541949AF5B00B59E75 /* FitTag-Info.plist */ = {isa = PBXFileReference; lastKnownFileType = text.plist.xml; path = "FitTag-Info.plist"; sourceTree = "<group>"; };
		2DD691561949AF5B00B59E75 /* en */ = {isa = PBXFileReference; lastKnownFileType = text.plist.strings; name = en; path = en.lproj/InfoPlist.strings; sourceTree = "<group>"; };
		2DD691581949AF5B00B59E75 /* main.m */ = {isa = PBXFileReference; lastKnownFileType = sourcecode.c.objc; path = main.m; sourceTree = "<group>"; };
		2DD6915A1949AF5B00B59E75 /* FitTag-Prefix.pch */ = {isa = PBXFileReference; lastKnownFileType = sourcecode.c.h; path = "FitTag-Prefix.pch"; sourceTree = "<group>"; };
		2DD6915B1949AF5B00B59E75 /* AppDelegate.h */ = {isa = PBXFileReference; lastKnownFileType = sourcecode.c.h; path = AppDelegate.h; sourceTree = "<group>"; };
		2DD6915C1949AF5B00B59E75 /* AppDelegate.m */ = {isa = PBXFileReference; lastKnownFileType = sourcecode.c.objc; path = AppDelegate.m; sourceTree = "<group>"; };
		2DD6915F1949AF5B00B59E75 /* Base */ = {isa = PBXFileReference; lastKnownFileType = file.storyboard; name = Base; path = Base.lproj/Main.storyboard; sourceTree = "<group>"; };
		2DD691641949AF5B00B59E75 /* Images.xcassets */ = {isa = PBXFileReference; lastKnownFileType = folder.assetcatalog; path = Images.xcassets; sourceTree = "<group>"; };
		2DD6916A1949AF5B00B59E75 /* FitTagTests.xctest */ = {isa = PBXFileReference; explicitFileType = wrapper.cfbundle; includeInIndex = 0; path = FitTagTests.xctest; sourceTree = BUILT_PRODUCTS_DIR; };
		2DD6916B1949AF5B00B59E75 /* XCTest.framework */ = {isa = PBXFileReference; lastKnownFileType = wrapper.framework; name = XCTest.framework; path = Library/Frameworks/XCTest.framework; sourceTree = DEVELOPER_DIR; };
		2DD691731949AF5B00B59E75 /* FitTagTests-Info.plist */ = {isa = PBXFileReference; lastKnownFileType = text.plist.xml; path = "FitTagTests-Info.plist"; sourceTree = "<group>"; };
		2DD691751949AF5B00B59E75 /* en */ = {isa = PBXFileReference; lastKnownFileType = text.plist.strings; name = en; path = en.lproj/InfoPlist.strings; sourceTree = "<group>"; };
		2DD691771949AF5B00B59E75 /* FitTagTests.m */ = {isa = PBXFileReference; lastKnownFileType = sourcecode.c.objc; path = FitTagTests.m; sourceTree = "<group>"; };
		2DD691811949AFA100B59E75 /* Parse.framework */ = {isa = PBXFileReference; lastKnownFileType = wrapper.framework; path = Parse.framework; sourceTree = "<group>"; };
		2DD691831949B04F00B59E75 /* AudioToolbox.framework */ = {isa = PBXFileReference; lastKnownFileType = wrapper.framework; name = AudioToolbox.framework; path = System/Library/Frameworks/AudioToolbox.framework; sourceTree = SDKROOT; };
		2DD691841949B04F00B59E75 /* CFNetwork.framework */ = {isa = PBXFileReference; lastKnownFileType = wrapper.framework; name = CFNetwork.framework; path = System/Library/Frameworks/CFNetwork.framework; sourceTree = SDKROOT; };
		2DD691851949B04F00B59E75 /* CoreLocation.framework */ = {isa = PBXFileReference; lastKnownFileType = wrapper.framework; name = CoreLocation.framework; path = System/Library/Frameworks/CoreLocation.framework; sourceTree = SDKROOT; };
		2DD691861949B04F00B59E75 /* libz.dylib */ = {isa = PBXFileReference; lastKnownFileType = "compiled.mach-o.dylib"; name = libz.dylib; path = usr/lib/libz.dylib; sourceTree = SDKROOT; };
		2DD6918B1949B07C00B59E75 /* MobileCoreServices.framework */ = {isa = PBXFileReference; lastKnownFileType = wrapper.framework; name = MobileCoreServices.framework; path = System/Library/Frameworks/MobileCoreServices.framework; sourceTree = SDKROOT; };
		2DD6918C1949B07C00B59E75 /* QuartzCore.framework */ = {isa = PBXFileReference; lastKnownFileType = wrapper.framework; name = QuartzCore.framework; path = System/Library/Frameworks/QuartzCore.framework; sourceTree = SDKROOT; };
		2DD6918D1949B07C00B59E75 /* Security.framework */ = {isa = PBXFileReference; lastKnownFileType = wrapper.framework; name = Security.framework; path = System/Library/Frameworks/Security.framework; sourceTree = SDKROOT; };
		2DD6918E1949B07C00B59E75 /* StoreKit.framework */ = {isa = PBXFileReference; lastKnownFileType = wrapper.framework; name = StoreKit.framework; path = System/Library/Frameworks/StoreKit.framework; sourceTree = SDKROOT; };
		2DD6918F1949B07C00B59E75 /* SystemConfiguration.framework */ = {isa = PBXFileReference; lastKnownFileType = wrapper.framework; name = SystemConfiguration.framework; path = System/Library/Frameworks/SystemConfiguration.framework; sourceTree = SDKROOT; };
		2DD691961949B24300B59E75 /* FitTagConfigViewController.h */ = {isa = PBXFileReference; fileEncoding = 4; lastKnownFileType = sourcecode.c.h; path = FitTagConfigViewController.h; sourceTree = "<group>"; };
		2DD691971949B24300B59E75 /* FitTagConfigViewController.m */ = {isa = PBXFileReference; fileEncoding = 4; lastKnownFileType = sourcecode.c.objc; path = FitTagConfigViewController.m; sourceTree = "<group>"; };
		2DD691991949B71B00B59E75 /* FitTagLoginViewController.h */ = {isa = PBXFileReference; fileEncoding = 4; lastKnownFileType = sourcecode.c.h; path = FitTagLoginViewController.h; sourceTree = "<group>"; };
		2DD6919A1949B71B00B59E75 /* FitTagLoginViewController.m */ = {isa = PBXFileReference; fileEncoding = 4; lastKnownFileType = sourcecode.c.objc; path = FitTagLoginViewController.m; sourceTree = "<group>"; };
		2DD6919C1949B74400B59E75 /* FitTagSignupViewController.h */ = {isa = PBXFileReference; fileEncoding = 4; lastKnownFileType = sourcecode.c.h; path = FitTagSignupViewController.h; sourceTree = "<group>"; };
		2DD6919D1949B74400B59E75 /* FitTagSignupViewController.m */ = {isa = PBXFileReference; fileEncoding = 4; lastKnownFileType = sourcecode.c.objc; path = FitTagSignupViewController.m; sourceTree = "<group>"; };
		2DD6919F1949C7BA00B59E75 /* Social.framework */ = {isa = PBXFileReference; lastKnownFileType = wrapper.framework; name = Social.framework; path = System/Library/Frameworks/Social.framework; sourceTree = SDKROOT; };
		2DD691A11949C7C700B59E75 /* Accounts.framework */ = {isa = PBXFileReference; lastKnownFileType = wrapper.framework; name = Accounts.framework; path = System/Library/Frameworks/Accounts.framework; sourceTree = SDKROOT; };
		2DD691A31949C7E300B59E75 /* FacebookSDK.framework */ = {isa = PBXFileReference; lastKnownFileType = wrapper.framework; path = FacebookSDK.framework; sourceTree = "<group>"; };
		2DFE736A197316A700114541 /* FindFriendsFlowLayout.h */ = {isa = PBXFileReference; fileEncoding = 4; lastKnownFileType = sourcecode.c.h; path = FindFriendsFlowLayout.h; sourceTree = "<group>"; };
		2DFE736B197316A700114541 /* FindFriendsFlowLayout.m */ = {isa = PBXFileReference; fileEncoding = 4; lastKnownFileType = sourcecode.c.objc; path = FindFriendsFlowLayout.m; sourceTree = "<group>"; };
/* End PBXFileReference section */

/* Begin PBXFrameworksBuildPhase section */
		2DD691461949AF5B00B59E75 /* Frameworks */ = {
			isa = PBXFrameworksBuildPhase;
			buildActionMask = 2147483647;
			files = (
				2DABDA03195DA48200379891 /* AssetsLibrary.framework in Frameworks */,
				2DD691A21949C7C700B59E75 /* Accounts.framework in Frameworks */,
				2DD691A01949C7BA00B59E75 /* Social.framework in Frameworks */,
				2DD691901949B07C00B59E75 /* MobileCoreServices.framework in Frameworks */,
				2DD691911949B07C00B59E75 /* QuartzCore.framework in Frameworks */,
				2DD691921949B07C00B59E75 /* Security.framework in Frameworks */,
				2DD691931949B07C00B59E75 /* StoreKit.framework in Frameworks */,
				2DD691941949B07C00B59E75 /* SystemConfiguration.framework in Frameworks */,
				2DD691871949B04F00B59E75 /* AudioToolbox.framework in Frameworks */,
				2DD691881949B04F00B59E75 /* CFNetwork.framework in Frameworks */,
				2DD691891949B04F00B59E75 /* CoreLocation.framework in Frameworks */,
				2DD6918A1949B04F00B59E75 /* libz.dylib in Frameworks */,
				2DD6914F1949AF5B00B59E75 /* CoreGraphics.framework in Frameworks */,
				2DD691511949AF5B00B59E75 /* UIKit.framework in Frameworks */,
				2DD691A41949C7E300B59E75 /* FacebookSDK.framework in Frameworks */,
				2DD691821949AFA100B59E75 /* Parse.framework in Frameworks */,
				2DD6914D1949AF5B00B59E75 /* Foundation.framework in Frameworks */,
			);
			runOnlyForDeploymentPostprocessing = 0;
		};
		2DD691671949AF5B00B59E75 /* Frameworks */ = {
			isa = PBXFrameworksBuildPhase;
			buildActionMask = 2147483647;
			files = (
				2DD6916C1949AF5B00B59E75 /* XCTest.framework in Frameworks */,
				2DD6916E1949AF5B00B59E75 /* UIKit.framework in Frameworks */,
				2DD6916D1949AF5B00B59E75 /* Foundation.framework in Frameworks */,
			);
			runOnlyForDeploymentPostprocessing = 0;
		};
/* End PBXFrameworksBuildPhase section */

/* Begin PBXGroup section */
		2D0A53A91971A65F0091FFCA /* Custom Display Classes */ = {
			isa = PBXGroup;
			children = (
				2DAA63DC1957A51F003B1DDF /* UIView+FormScroll.h */,
				2DAA63DD1957A51F003B1DDF /* UIView+FormScroll.m */,
				2DACE8121966FF7200154504 /* CollectionHeaderView.h */,
				2DACE8131966FF7200154504 /* CollectionHeaderView.m */,
				2DABDA04195DC0E500379891 /* PhotoCellCollectionView.h */,
				2DABDA05195DC0E500379891 /* PhotoCellCollectionView.m */,
				2DACD9731962D62200833C14 /* InterestCellCollectionView.h */,
				2DACD9741962D62200833C14 /* InterestCellCollectionView.m */,
				2D0A53A61971997F0091FFCA /* InspirationCellCollectionView.h */,
				2D0A53A71971997F0091FFCA /* InspirationCellCollectionView.m */,
			);
			name = "Custom Display Classes";
			sourceTree = "<group>";
		};
		2D0A53AD1971AC240091FFCA /* FitTag Main Flow View Controllers */ = {
			isa = PBXGroup;
			children = (
				2D410F461973575C00CE2940 /* FeedViewController.h */,
				2D410F471973575C00CE2940 /* FeedViewController.m */,
				2D429A091977ED6000F8A9A0 /* ProfileViewController.h */,
				2D429A0A1977ED6000F8A9A0 /* ProfileViewController.m */,
				2D429A0C1977EE7700F8A9A0 /* SearchViewController.h */,
				2D429A0D1977EE7700F8A9A0 /* SearchViewController.m */,
				2D429A0F1977EE8F00F8A9A0 /* NotificationsViewController.h */,
				2D429A101977EE8F00F8A9A0 /* NotificationsViewController.m */,
				2D429A121977EE9E00F8A9A0 /* OffersViewController.h */,
				2D429A131977EE9E00F8A9A0 /* OffersViewController.m */,
			);
			name = "FitTag Main Flow View Controllers";
			sourceTree = "<group>";
		};
		2D410F49197357E900CE2940 /* Flow Layouts */ = {
			isa = PBXGroup;
			children = (
				2DFE736A197316A700114541 /* FindFriendsFlowLayout.h */,
				2DFE736B197316A700114541 /* FindFriendsFlowLayout.m */,
				2DACD97619656F8900833C14 /* InterestCollectionViewFlowLayout.h */,
				2DACD97719656F8900833C14 /* InterestCollectionViewFlowLayout.m */,
				2D6E0222196A24A1004DC010 /* InterestFlowLayout.h */,
				2D6E0223196A24A1004DC010 /* InterestFlowLayout.m */,
				2D410F4A1973581A00CE2940 /* FeedCollectionViewFlowLayout.h */,
				2D410F4B1973581A00CE2940 /* FeedCollectionViewFlowLayout.m */,
			);
			name = "Flow Layouts";
			sourceTree = "<group>";
		};
		2DABDA07195DE0F500379891 /* Custom Bars */ = {
			isa = PBXGroup;
			children = (
				2DABDA08195DE15900379891 /* ImageCustomNavigationBar.h */,
				2DABDA09195DE15900379891 /* ImageCustomNavigationBar.m */,
				2DABDA0B1960520800379891 /* CustomToolBar.h */,
				2DABDA0C1960520800379891 /* CustomToolBar.m */,
				2D410F4D19735B5B00CE2940 /* FitTagNavigationBar.h */,
				2D410F4E19735B5B00CE2940 /* FitTagNavigationBar.m */,
				2D410F5019735B7500CE2940 /* FitTagToolBar.h */,
				2D410F5119735B7500CE2940 /* FitTagToolBar.m */,
			);
			name = "Custom Bars";
			sourceTree = "<group>";
		};
		2DBC6E57195C77FF008B5AD3 /* Camera Flow View Controllers */ = {
			isa = PBXGroup;
			children = (
				2DBC6E58195C783C008B5AD3 /* ImageCollectionViewController.h */,
				2DBC6E59195C783C008B5AD3 /* ImageCollectionViewController.m */,
			);
			name = "Camera Flow View Controllers";
			sourceTree = "<group>";
		};
		2DD691401949AF5B00B59E75 = {
			isa = PBXGroup;
			children = (
				2DD691521949AF5B00B59E75 /* FitTag */,
				2DD691711949AF5B00B59E75 /* FitTagTests */,
				2DD6914B1949AF5B00B59E75 /* Frameworks */,
				2DD6914A1949AF5B00B59E75 /* Products */,
			);
			sourceTree = "<group>";
		};
		2DD6914A1949AF5B00B59E75 /* Products */ = {
			isa = PBXGroup;
			children = (
				2DD691491949AF5B00B59E75 /* FitTag.app */,
				2DD6916A1949AF5B00B59E75 /* FitTagTests.xctest */,
			);
			name = Products;
			sourceTree = "<group>";
		};
		2DD6914B1949AF5B00B59E75 /* Frameworks */ = {
			isa = PBXGroup;
			children = (
				2DABDA02195DA48200379891 /* AssetsLibrary.framework */,
				2DD691A31949C7E300B59E75 /* FacebookSDK.framework */,
				2DD691A11949C7C700B59E75 /* Accounts.framework */,
				2DD6919F1949C7BA00B59E75 /* Social.framework */,
				2DD6918B1949B07C00B59E75 /* MobileCoreServices.framework */,
				2DD6918C1949B07C00B59E75 /* QuartzCore.framework */,
				2DD6918D1949B07C00B59E75 /* Security.framework */,
				2DD6918E1949B07C00B59E75 /* StoreKit.framework */,
				2DD6918F1949B07C00B59E75 /* SystemConfiguration.framework */,
				2DD691831949B04F00B59E75 /* AudioToolbox.framework */,
				2DD691841949B04F00B59E75 /* CFNetwork.framework */,
				2DD691851949B04F00B59E75 /* CoreLocation.framework */,
				2DD691861949B04F00B59E75 /* libz.dylib */,
				2DD691811949AFA100B59E75 /* Parse.framework */,
				2DD6914C1949AF5B00B59E75 /* Foundation.framework */,
				2DD6914E1949AF5B00B59E75 /* CoreGraphics.framework */,
				2DD691501949AF5B00B59E75 /* UIKit.framework */,
				2DD6916B1949AF5B00B59E75 /* XCTest.framework */,
			);
			name = Frameworks;
			sourceTree = "<group>";
		};
		2DD691521949AF5B00B59E75 /* FitTag */ = {
			isa = PBXGroup;
			children = (
				2DD6915B1949AF5B00B59E75 /* AppDelegate.h */,
				2DD6915C1949AF5B00B59E75 /* AppDelegate.m */,
				2DD6915E1949AF5B00B59E75 /* Main.storyboard */,
				2DD691641949AF5B00B59E75 /* Images.xcassets */,
				2DD691531949AF5B00B59E75 /* Supporting Files */,
				2DABDA07195DE0F500379891 /* Custom Bars */,
				2D0A53AD1971AC240091FFCA /* FitTag Main Flow View Controllers */,
				2DD691951949B1EB00B59E75 /* FitTag Login Flow View Controllers */,
				2D410F49197357E900CE2940 /* Flow Layouts */,
				2D0A53A91971A65F0091FFCA /* Custom Display Classes */,
				2DBC6E57195C77FF008B5AD3 /* Camera Flow View Controllers */,
			);
			path = FitTag;
			sourceTree = "<group>";
		};
		2DD691531949AF5B00B59E75 /* Supporting Files */ = {
			isa = PBXGroup;
			children = (
				2DD691541949AF5B00B59E75 /* FitTag-Info.plist */,
				2DD691551949AF5B00B59E75 /* InfoPlist.strings */,
				2DD691581949AF5B00B59E75 /* main.m */,
				2DD6915A1949AF5B00B59E75 /* FitTag-Prefix.pch */,
			);
			name = "Supporting Files";
			sourceTree = "<group>";
		};
		2DD691711949AF5B00B59E75 /* FitTagTests */ = {
			isa = PBXGroup;
			children = (
				2DD691771949AF5B00B59E75 /* FitTagTests.m */,
				2DD691721949AF5B00B59E75 /* Supporting Files */,
			);
			path = FitTagTests;
			sourceTree = "<group>";
		};
		2DD691721949AF5B00B59E75 /* Supporting Files */ = {
			isa = PBXGroup;
			children = (
				2DD691731949AF5B00B59E75 /* FitTagTests-Info.plist */,
				2DD691741949AF5B00B59E75 /* InfoPlist.strings */,
			);
			name = "Supporting Files";
			sourceTree = "<group>";
		};
		2DD691951949B1EB00B59E75 /* FitTag Login Flow View Controllers */ = {
			isa = PBXGroup;
			children = (
				2DD691961949B24300B59E75 /* FitTagConfigViewController.h */,
				2DD691971949B24300B59E75 /* FitTagConfigViewController.m */,
				2DD691991949B71B00B59E75 /* FitTagLoginViewController.h */,
				2DD6919A1949B71B00B59E75 /* FitTagLoginViewController.m */,
				2DD6919C1949B74400B59E75 /* FitTagSignupViewController.h */,
				2DD6919D1949B74400B59E75 /* FitTagSignupViewController.m */,
				2DBC6E9F195CBCE2008B5AD3 /* InterestsViewController.h */,
				2DBC6EA0195CBCE2008B5AD3 /* InterestsViewController.m */,
				2DACD979196578DA00833C14 /* InspirationViewController.h */,
				2DACD97A196578DA00833C14 /* InspirationViewController.m */,
				2D0A53AA1971ABFF0091FFCA /* FindFriendsViewController.h */,
				2D0A53AB1971ABFF0091FFCA /* FindFriendsViewController.m */,
			);
			name = "FitTag Login Flow View Controllers";
			sourceTree = "<group>";
		};
/* End PBXGroup section */

/* Begin PBXNativeTarget section */
		2DD691481949AF5B00B59E75 /* FitTag */ = {
			isa = PBXNativeTarget;
			buildConfigurationList = 2DD6917B1949AF5B00B59E75 /* Build configuration list for PBXNativeTarget "FitTag" */;
			buildPhases = (
				2DD691451949AF5B00B59E75 /* Sources */,
				2DD691461949AF5B00B59E75 /* Frameworks */,
				2DD691471949AF5B00B59E75 /* Resources */,
			);
			buildRules = (
			);
			dependencies = (
			);
			name = FitTag;
			productName = FitTag;
			productReference = 2DD691491949AF5B00B59E75 /* FitTag.app */;
			productType = "com.apple.product-type.application";
		};
		2DD691691949AF5B00B59E75 /* FitTagTests */ = {
			isa = PBXNativeTarget;
			buildConfigurationList = 2DD6917E1949AF5B00B59E75 /* Build configuration list for PBXNativeTarget "FitTagTests" */;
			buildPhases = (
				2DD691661949AF5B00B59E75 /* Sources */,
				2DD691671949AF5B00B59E75 /* Frameworks */,
				2DD691681949AF5B00B59E75 /* Resources */,
			);
			buildRules = (
			);
			dependencies = (
				2DD691701949AF5B00B59E75 /* PBXTargetDependency */,
			);
			name = FitTagTests;
			productName = FitTagTests;
			productReference = 2DD6916A1949AF5B00B59E75 /* FitTagTests.xctest */;
			productType = "com.apple.product-type.bundle.unit-test";
		};
/* End PBXNativeTarget section */

/* Begin PBXProject section */
		2DD691411949AF5B00B59E75 /* Project object */ = {
			isa = PBXProject;
			attributes = {
				LastUpgradeCheck = 0510;
				ORGANIZATIONNAME = "___FULLUSERNAME___";
				TargetAttributes = {
					2DD691481949AF5B00B59E75 = {
						DevelopmentTeam = AJ3ZB3S8QB;
					};
					2DD691691949AF5B00B59E75 = {
						TestTargetID = 2DD691481949AF5B00B59E75;
					};
				};
			};
			buildConfigurationList = 2DD691441949AF5B00B59E75 /* Build configuration list for PBXProject "FitTag" */;
			compatibilityVersion = "Xcode 3.2";
			developmentRegion = English;
			hasScannedForEncodings = 0;
			knownRegions = (
				en,
				Base,
			);
			mainGroup = 2DD691401949AF5B00B59E75;
			productRefGroup = 2DD6914A1949AF5B00B59E75 /* Products */;
			projectDirPath = "";
			projectRoot = "";
			targets = (
				2DD691481949AF5B00B59E75 /* FitTag */,
				2DD691691949AF5B00B59E75 /* FitTagTests */,
			);
		};
/* End PBXProject section */

/* Begin PBXResourcesBuildPhase section */
		2DD691471949AF5B00B59E75 /* Resources */ = {
			isa = PBXResourcesBuildPhase;
			buildActionMask = 2147483647;
			files = (
				2DD691651949AF5B00B59E75 /* Images.xcassets in Resources */,
				2DD691571949AF5B00B59E75 /* InfoPlist.strings in Resources */,
				2DD691601949AF5B00B59E75 /* Main.storyboard in Resources */,
			);
			runOnlyForDeploymentPostprocessing = 0;
		};
		2DD691681949AF5B00B59E75 /* Resources */ = {
			isa = PBXResourcesBuildPhase;
			buildActionMask = 2147483647;
			files = (
				2DD691761949AF5B00B59E75 /* InfoPlist.strings in Resources */,
			);
			runOnlyForDeploymentPostprocessing = 0;
		};
/* End PBXResourcesBuildPhase section */

/* Begin PBXSourcesBuildPhase section */
		2DD691451949AF5B00B59E75 /* Sources */ = {
			isa = PBXSourcesBuildPhase;
			buildActionMask = 2147483647;
			files = (
				2DABDA0A195DE15900379891 /* ImageCustomNavigationBar.m in Sources */,
				2DD691981949B24300B59E75 /* FitTagConfigViewController.m in Sources */,
				2DD6919B1949B71B00B59E75 /* FitTagLoginViewController.m in Sources */,
				2D410F4C1973581A00CE2940 /* FeedCollectionViewFlowLayout.m in Sources */,
				2D6E0224196A24A1004DC010 /* InterestFlowLayout.m in Sources */,
				2DD6915D1949AF5B00B59E75 /* AppDelegate.m in Sources */,
				2D410F4F19735B5B00CE2940 /* FitTagNavigationBar.m in Sources */,
				2D429A111977EE8F00F8A9A0 /* NotificationsViewController.m in Sources */,
				2DACE8141966FF7200154504 /* CollectionHeaderView.m in Sources */,
				2D0A53A81971997F0091FFCA /* InspirationCellCollectionView.m in Sources */,
				2DACD97819656F8900833C14 /* InterestCollectionViewFlowLayout.m in Sources */,
				2DAA63DE1957A51F003B1DDF /* UIView+FormScroll.m in Sources */,
				2DBC6EA1195CBCE2008B5AD3 /* InterestsViewController.m in Sources */,
				2D429A141977EE9E00F8A9A0 /* OffersViewController.m in Sources */,
				2D429A0E1977EE7700F8A9A0 /* SearchViewController.m in Sources */,
				2DACD97B196578DA00833C14 /* InspirationViewController.m in Sources */,
				2DABDA0D1960520800379891 /* CustomToolBar.m in Sources */,
				2DD691591949AF5B00B59E75 /* main.m in Sources */,
				2D0A53AC1971ABFF0091FFCA /* FindFriendsViewController.m in Sources */,
				2D429A0B1977ED6000F8A9A0 /* ProfileViewController.m in Sources */,
				2DACD9751962D62200833C14 /* InterestCellCollectionView.m in Sources */,
				2D410F5219735B7500CE2940 /* FitTagToolBar.m in Sources */,
				2D410F481973575C00CE2940 /* FeedViewController.m in Sources */,
				2DD6919E1949B74400B59E75 /* FitTagSignupViewController.m in Sources */,
				2DFE736C197316A700114541 /* FindFriendsFlowLayout.m in Sources */,
				2DABDA06195DC0E500379891 /* PhotoCellCollectionView.m in Sources */,
				2DBC6E5A195C783C008B5AD3 /* ImageCollectionViewController.m in Sources */,
			);
			runOnlyForDeploymentPostprocessing = 0;
		};
		2DD691661949AF5B00B59E75 /* Sources */ = {
			isa = PBXSourcesBuildPhase;
			buildActionMask = 2147483647;
			files = (
				2DD691781949AF5B00B59E75 /* FitTagTests.m in Sources */,
			);
			runOnlyForDeploymentPostprocessing = 0;
		};
/* End PBXSourcesBuildPhase section */

/* Begin PBXTargetDependency section */
		2DD691701949AF5B00B59E75 /* PBXTargetDependency */ = {
			isa = PBXTargetDependency;
			target = 2DD691481949AF5B00B59E75 /* FitTag */;
			targetProxy = 2DD6916F1949AF5B00B59E75 /* PBXContainerItemProxy */;
		};
/* End PBXTargetDependency section */

/* Begin PBXVariantGroup section */
		2DD691551949AF5B00B59E75 /* InfoPlist.strings */ = {
			isa = PBXVariantGroup;
			children = (
				2DD691561949AF5B00B59E75 /* en */,
			);
			name = InfoPlist.strings;
			sourceTree = "<group>";
		};
		2DD6915E1949AF5B00B59E75 /* Main.storyboard */ = {
			isa = PBXVariantGroup;
			children = (
				2DD6915F1949AF5B00B59E75 /* Base */,
			);
			name = Main.storyboard;
			sourceTree = "<group>";
		};
		2DD691741949AF5B00B59E75 /* InfoPlist.strings */ = {
			isa = PBXVariantGroup;
			children = (
				2DD691751949AF5B00B59E75 /* en */,
			);
			name = InfoPlist.strings;
			sourceTree = "<group>";
		};
/* End PBXVariantGroup section */

/* Begin XCBuildConfiguration section */
		2DD691791949AF5B00B59E75 /* Debug */ = {
			isa = XCBuildConfiguration;
			buildSettings = {
				ALWAYS_SEARCH_USER_PATHS = NO;
				CLANG_CXX_LANGUAGE_STANDARD = "gnu++0x";
				CLANG_CXX_LIBRARY = "libc++";
				CLANG_ENABLE_MODULES = YES;
				CLANG_ENABLE_OBJC_ARC = YES;
				CLANG_WARN_BOOL_CONVERSION = YES;
				CLANG_WARN_CONSTANT_CONVERSION = YES;
				CLANG_WARN_DIRECT_OBJC_ISA_USAGE = YES_ERROR;
				CLANG_WARN_EMPTY_BODY = YES;
				CLANG_WARN_ENUM_CONVERSION = YES;
				CLANG_WARN_INT_CONVERSION = YES;
				CLANG_WARN_OBJC_ROOT_CLASS = YES_ERROR;
				CLANG_WARN__DUPLICATE_METHOD_MATCH = YES;
				"CODE_SIGN_IDENTITY[sdk=iphoneos*]" = "iPhone Developer";
				COPY_PHASE_STRIP = NO;
				GCC_C_LANGUAGE_STANDARD = gnu99;
				GCC_DYNAMIC_NO_PIC = NO;
				GCC_OPTIMIZATION_LEVEL = 0;
				GCC_PREPROCESSOR_DEFINITIONS = (
					"DEBUG=1",
					"$(inherited)",
				);
				GCC_SYMBOLS_PRIVATE_EXTERN = NO;
				GCC_WARN_64_TO_32_BIT_CONVERSION = YES;
				GCC_WARN_ABOUT_RETURN_TYPE = YES_ERROR;
				GCC_WARN_UNDECLARED_SELECTOR = YES;
				GCC_WARN_UNINITIALIZED_AUTOS = YES_AGGRESSIVE;
				GCC_WARN_UNUSED_FUNCTION = YES;
				GCC_WARN_UNUSED_VARIABLE = YES;
				IPHONEOS_DEPLOYMENT_TARGET = 7.1;
				ONLY_ACTIVE_ARCH = YES;
				SDKROOT = iphoneos;
			};
			name = Debug;
		};
		2DD6917A1949AF5B00B59E75 /* Release */ = {
			isa = XCBuildConfiguration;
			buildSettings = {
				ALWAYS_SEARCH_USER_PATHS = NO;
				CLANG_CXX_LANGUAGE_STANDARD = "gnu++0x";
				CLANG_CXX_LIBRARY = "libc++";
				CLANG_ENABLE_MODULES = YES;
				CLANG_ENABLE_OBJC_ARC = YES;
				CLANG_WARN_BOOL_CONVERSION = YES;
				CLANG_WARN_CONSTANT_CONVERSION = YES;
				CLANG_WARN_DIRECT_OBJC_ISA_USAGE = YES_ERROR;
				CLANG_WARN_EMPTY_BODY = YES;
				CLANG_WARN_ENUM_CONVERSION = YES;
				CLANG_WARN_INT_CONVERSION = YES;
				CLANG_WARN_OBJC_ROOT_CLASS = YES_ERROR;
				CLANG_WARN__DUPLICATE_METHOD_MATCH = YES;
				"CODE_SIGN_IDENTITY[sdk=iphoneos*]" = "iPhone Developer";
				COPY_PHASE_STRIP = YES;
				ENABLE_NS_ASSERTIONS = NO;
				GCC_C_LANGUAGE_STANDARD = gnu99;
				GCC_WARN_64_TO_32_BIT_CONVERSION = YES;
				GCC_WARN_ABOUT_RETURN_TYPE = YES_ERROR;
				GCC_WARN_UNDECLARED_SELECTOR = YES;
				GCC_WARN_UNINITIALIZED_AUTOS = YES_AGGRESSIVE;
				GCC_WARN_UNUSED_FUNCTION = YES;
				GCC_WARN_UNUSED_VARIABLE = YES;
				IPHONEOS_DEPLOYMENT_TARGET = 7.1;
				SDKROOT = iphoneos;
				VALIDATE_PRODUCT = YES;
			};
			name = Release;
		};
		2DD6917C1949AF5B00B59E75 /* Debug */ = {
			isa = XCBuildConfiguration;
			buildSettings = {
				ASSETCATALOG_COMPILER_APPICON_NAME = AppIcon;
				ASSETCATALOG_COMPILER_LAUNCHIMAGE_NAME = LaunchImage;
				CODE_SIGN_IDENTITY = "iPhone Developer";
				"CODE_SIGN_IDENTITY[sdk=iphoneos*]" = "iPhone Developer";
				FRAMEWORK_SEARCH_PATHS = (
					"$(inherited)",
					"$(PROJECT_DIR)",
				);
				GCC_PRECOMPILE_PREFIX_HEADER = YES;
				GCC_PREFIX_HEADER = "FitTag/FitTag-Prefix.pch";
				INFOPLIST_FILE = "FitTag/FitTag-Info.plist";
				PRODUCT_NAME = "$(TARGET_NAME)";
				PROVISIONING_PROFILE = "";
				WRAPPER_EXTENSION = app;
			};
			name = Debug;
		};
		2DD6917D1949AF5B00B59E75 /* Release */ = {
			isa = XCBuildConfiguration;
			buildSettings = {
				ASSETCATALOG_COMPILER_APPICON_NAME = AppIcon;
				ASSETCATALOG_COMPILER_LAUNCHIMAGE_NAME = LaunchImage;
				CODE_SIGN_IDENTITY = "iPhone Developer";
				"CODE_SIGN_IDENTITY[sdk=iphoneos*]" = "iPhone Developer";
				FRAMEWORK_SEARCH_PATHS = (
					"$(inherited)",
					"$(PROJECT_DIR)",
				);
				GCC_PRECOMPILE_PREFIX_HEADER = YES;
				GCC_PREFIX_HEADER = "FitTag/FitTag-Prefix.pch";
				INFOPLIST_FILE = "FitTag/FitTag-Info.plist";
				PRODUCT_NAME = "$(TARGET_NAME)";
				PROVISIONING_PROFILE = "";
				WRAPPER_EXTENSION = app;
			};
			name = Release;
		};
		2DD6917F1949AF5B00B59E75 /* Debug */ = {
			isa = XCBuildConfiguration;
			buildSettings = {
				BUNDLE_LOADER = "$(BUILT_PRODUCTS_DIR)/FitTag.app/FitTag";
				FRAMEWORK_SEARCH_PATHS = (
					"$(SDKROOT)/Developer/Library/Frameworks",
					"$(inherited)",
					"$(DEVELOPER_FRAMEWORKS_DIR)",
				);
				GCC_PRECOMPILE_PREFIX_HEADER = YES;
				GCC_PREFIX_HEADER = "FitTag/FitTag-Prefix.pch";
				GCC_PREPROCESSOR_DEFINITIONS = (
					"DEBUG=1",
					"$(inherited)",
				);
				INFOPLIST_FILE = "FitTagTests/FitTagTests-Info.plist";
				PRODUCT_NAME = "$(TARGET_NAME)";
				TEST_HOST = "$(BUNDLE_LOADER)";
				WRAPPER_EXTENSION = xctest;
			};
			name = Debug;
		};
		2DD691801949AF5B00B59E75 /* Release */ = {
			isa = XCBuildConfiguration;
			buildSettings = {
				BUNDLE_LOADER = "$(BUILT_PRODUCTS_DIR)/FitTag.app/FitTag";
				FRAMEWORK_SEARCH_PATHS = (
					"$(SDKROOT)/Developer/Library/Frameworks",
					"$(inherited)",
					"$(DEVELOPER_FRAMEWORKS_DIR)",
				);
				GCC_PRECOMPILE_PREFIX_HEADER = YES;
				GCC_PREFIX_HEADER = "FitTag/FitTag-Prefix.pch";
				INFOPLIST_FILE = "FitTagTests/FitTagTests-Info.plist";
				PRODUCT_NAME = "$(TARGET_NAME)";
				TEST_HOST = "$(BUNDLE_LOADER)";
				WRAPPER_EXTENSION = xctest;
			};
			name = Release;
		};
/* End XCBuildConfiguration section */

/* Begin XCConfigurationList section */
		2DD691441949AF5B00B59E75 /* Build configuration list for PBXProject "FitTag" */ = {
			isa = XCConfigurationList;
			buildConfigurations = (
				2DD691791949AF5B00B59E75 /* Debug */,
				2DD6917A1949AF5B00B59E75 /* Release */,
			);
			defaultConfigurationIsVisible = 0;
			defaultConfigurationName = Release;
		};
		2DD6917B1949AF5B00B59E75 /* Build configuration list for PBXNativeTarget "FitTag" */ = {
			isa = XCConfigurationList;
			buildConfigurations = (
				2DD6917C1949AF5B00B59E75 /* Debug */,
				2DD6917D1949AF5B00B59E75 /* Release */,
			);
			defaultConfigurationIsVisible = 0;
			defaultConfigurationName = Release;
		};
		2DD6917E1949AF5B00B59E75 /* Build configuration list for PBXNativeTarget "FitTagTests" */ = {
			isa = XCConfigurationList;
			buildConfigurations = (
				2DD6917F1949AF5B00B59E75 /* Debug */,
				2DD691801949AF5B00B59E75 /* Release */,
			);
			defaultConfigurationIsVisible = 0;
			defaultConfigurationName = Release;
		};
/* End XCConfigurationList section */
	};
	rootObject = 2DD691411949AF5B00B59E75 /* Project object */;
}
