// !$*UTF8*$!
{
	archiveVersion = 1;
	classes = {
	};
	objectVersion = 46;
	objects = {

/* Begin PBXBuildFile section */
		2D0A53A81971997F0091FFCA /* InspirationCellCollectionView.m in Sources */ = {isa = PBXBuildFile; fileRef = 2D0A53A71971997F0091FFCA /* InspirationCellCollectionView.m */; };
		2D0A53AC1971ABFF0091FFCA /* FindFriendsViewController.m in Sources */ = {isa = PBXBuildFile; fileRef = 2D0A53AB1971ABFF0091FFCA /* FindFriendsViewController.m */; };
		2D410F481973575C00CE2940 /* FTFeedViewController.m in Sources */ = {isa = PBXBuildFile; fileRef = 2D410F471973575C00CE2940 /* FTFeedViewController.m */; };
		2D410F4C1973581A00CE2940 /* FeedCollectionViewFlowLayout.m in Sources */ = {isa = PBXBuildFile; fileRef = 2D410F4B1973581A00CE2940 /* FeedCollectionViewFlowLayout.m */; };
		2D410F4F19735B5B00CE2940 /* FTNavigationBar.m in Sources */ = {isa = PBXBuildFile; fileRef = 2D410F4E19735B5B00CE2940 /* FTNavigationBar.m */; };
		2D410F5219735B7500CE2940 /* FTToolBar.m in Sources */ = {isa = PBXBuildFile; fileRef = 2D410F5119735B7500CE2940 /* FTToolBar.m */; };
		2D429A0B1977ED6000F8A9A0 /* FTProfileViewController.m in Sources */ = {isa = PBXBuildFile; fileRef = 2D429A0A1977ED6000F8A9A0 /* FTProfileViewController.m */; };
		2D429A0E1977EE7700F8A9A0 /* FTSearchViewController.m in Sources */ = {isa = PBXBuildFile; fileRef = 2D429A0D1977EE7700F8A9A0 /* FTSearchViewController.m */; };
		2D429A111977EE8F00F8A9A0 /* FTActivityFeedViewController.m in Sources */ = {isa = PBXBuildFile; fileRef = 2D429A101977EE8F00F8A9A0 /* FTActivityFeedViewController.m */; };
		2D429A141977EE9E00F8A9A0 /* FTOffersViewController.m in Sources */ = {isa = PBXBuildFile; fileRef = 2D429A131977EE9E00F8A9A0 /* FTOffersViewController.m */; };
		2D429A17197AD47000F8A9A0 /* FTConstants.m in Sources */ = {isa = PBXBuildFile; fileRef = 2D429A16197AD47000F8A9A0 /* FTConstants.m */; };
		2D429A1B197AF37000F8A9A0 /* Reachability.m in Sources */ = {isa = PBXBuildFile; fileRef = 2D429A1A197AF37000F8A9A0 /* Reachability.m */; };
		2D429A20197B2F4C00F8A9A0 /* FTTabBarController.m in Sources */ = {isa = PBXBuildFile; fileRef = 2D429A1F197B2F4C00F8A9A0 /* FTTabBarController.m */; };
		2D429A22197B320C00F8A9A0 /* ImageIO.framework in Frameworks */ = {isa = PBXBuildFile; fileRef = 2D429A21197B320C00F8A9A0 /* ImageIO.framework */; };
		2D429A24197B321E00F8A9A0 /* AVFoundation.framework in Frameworks */ = {isa = PBXBuildFile; fileRef = 2D429A23197B321E00F8A9A0 /* AVFoundation.framework */; };
		2D429A26197B339900F8A9A0 /* libsqlite3.dylib in Frameworks */ = {isa = PBXBuildFile; fileRef = 2D429A25197B339900F8A9A0 /* libsqlite3.dylib */; };
		2D429A2D197B345300F8A9A0 /* MBProgressHUD.m in Sources */ = {isa = PBXBuildFile; fileRef = 2D429A2C197B345300F8A9A0 /* MBProgressHUD.m */; };
		2D429A30197B34DC00F8A9A0 /* TTTTimeIntervalFormatter.m in Sources */ = {isa = PBXBuildFile; fileRef = 2D429A2F197B34DC00F8A9A0 /* TTTTimeIntervalFormatter.m */; };
		2D429A33197B354600F8A9A0 /* UIImage+ImageEffects.m in Sources */ = {isa = PBXBuildFile; fileRef = 2D429A32197B354600F8A9A0 /* UIImage+ImageEffects.m */; };
		2D6E0224196A24A1004DC010 /* InterestFlowLayout.m in Sources */ = {isa = PBXBuildFile; fileRef = 2D6E0223196A24A1004DC010 /* InterestFlowLayout.m */; };
		2D9949731996905E000E321E /* FTOverlayView.m in Sources */ = {isa = PBXBuildFile; fileRef = 2D9949721996905E000E321E /* FTOverlayView.m */; };
		2D9949761996A9B0000E321E /* FTCameraToolBar.m in Sources */ = {isa = PBXBuildFile; fileRef = 2D9949751996A9B0000E321E /* FTCameraToolBar.m */; };
		2DAA63DE1957A51F003B1DDF /* UIView+FormScroll.m in Sources */ = {isa = PBXBuildFile; fileRef = 2DAA63DD1957A51F003B1DDF /* UIView+FormScroll.m */; };
		2DABDA03195DA48200379891 /* AssetsLibrary.framework in Frameworks */ = {isa = PBXBuildFile; fileRef = 2DABDA02195DA48200379891 /* AssetsLibrary.framework */; };
		2DABDA06195DC0E500379891 /* PhotoCellCollectionView.m in Sources */ = {isa = PBXBuildFile; fileRef = 2DABDA05195DC0E500379891 /* PhotoCellCollectionView.m */; };
		2DABDA0A195DE15900379891 /* ImageCustomNavigationBar.m in Sources */ = {isa = PBXBuildFile; fileRef = 2DABDA09195DE15900379891 /* ImageCustomNavigationBar.m */; };
		2DABDA0D1960520800379891 /* CustomToolBar.m in Sources */ = {isa = PBXBuildFile; fileRef = 2DABDA0C1960520800379891 /* CustomToolBar.m */; };
		2DACD9751962D62200833C14 /* InterestCellCollectionView.m in Sources */ = {isa = PBXBuildFile; fileRef = 2DACD9741962D62200833C14 /* InterestCellCollectionView.m */; };
		2DACD97819656F8900833C14 /* InterestCollectionViewFlowLayout.m in Sources */ = {isa = PBXBuildFile; fileRef = 2DACD97719656F8900833C14 /* InterestCollectionViewFlowLayout.m */; };
		2DACD97B196578DA00833C14 /* FTInspirationViewController.m in Sources */ = {isa = PBXBuildFile; fileRef = 2DACD97A196578DA00833C14 /* FTInspirationViewController.m */; };
		2DACE8141966FF7200154504 /* CollectionHeaderView.m in Sources */ = {isa = PBXBuildFile; fileRef = 2DACE8131966FF7200154504 /* CollectionHeaderView.m */; };
		2DAF5BA119B2A28E00E5E10B /* FTEditVideoViewController.m in Sources */ = {isa = PBXBuildFile; fileRef = 2DAF5BA019B2A28E00E5E10B /* FTEditVideoViewController.m */; };
		2DBC6E5A195C783C008B5AD3 /* FTCamRollViewController.m in Sources */ = {isa = PBXBuildFile; fileRef = 2DBC6E59195C783C008B5AD3 /* FTCamRollViewController.m */; };
		2DBC6EA1195CBCE2008B5AD3 /* FTInterestsViewController.m in Sources */ = {isa = PBXBuildFile; fileRef = 2DBC6EA0195CBCE2008B5AD3 /* FTInterestsViewController.m */; };
		2DBEEE5719AB4F1E00AAD238 /* FTPostDetailsFooterView.m in Sources */ = {isa = PBXBuildFile; fileRef = 2DBEEE5619AB4F1E00AAD238 /* FTPostDetailsFooterView.m */; };
		2DC507CC199829940041A03D /* FTCamViewController.m in Sources */ = {isa = PBXBuildFile; fileRef = 2DC507CB199829940041A03D /* FTCamViewController.m */; };
		2DC507D5199FBE030041A03D /* FTHomeViewController.m in Sources */ = {isa = PBXBuildFile; fileRef = 2DC507D4199FBE030041A03D /* FTHomeViewController.m */; };
		2DD2B6551983FD0E00600A42 /* FTUtility.m in Sources */ = {isa = PBXBuildFile; fileRef = 2DD2B6541983FD0E00600A42 /* FTUtility.m */; };
		2DD2B6581983FD2C00600A42 /* FTCache.m in Sources */ = {isa = PBXBuildFile; fileRef = 2DD2B6571983FD2C00600A42 /* FTCache.m */; };
		2DD2B6631984005300600A42 /* UIImage+AlphaAdditions.m in Sources */ = {isa = PBXBuildFile; fileRef = 2DD2B6621984005300600A42 /* UIImage+AlphaAdditions.m */; };
		2DD2B666198400C000600A42 /* UIImage+ResizeAdditions.m in Sources */ = {isa = PBXBuildFile; fileRef = 2DD2B665198400C000600A42 /* UIImage+ResizeAdditions.m */; };
		2DD2B669198400D800600A42 /* UIImage+RoundedCornerAdditions.m in Sources */ = {isa = PBXBuildFile; fileRef = 2DD2B668198400D800600A42 /* UIImage+RoundedCornerAdditions.m */; };
		2DD2B66D198402BB00600A42 /* FTEditPhotoViewController.m in Sources */ = {isa = PBXBuildFile; fileRef = 2DD2B66C198402BB00600A42 /* FTEditPhotoViewController.m */; };
		2DD2B6731984039500600A42 /* FTPhotoDetailsHeaderView.m in Sources */ = {isa = PBXBuildFile; fileRef = 2DD2B6721984039500600A42 /* FTPhotoDetailsHeaderView.m */; };
		2DD2B676198403FC00600A42 /* FTPhotoDetailsFooterView.m in Sources */ = {isa = PBXBuildFile; fileRef = 2DD2B675198403FC00600A42 /* FTPhotoDetailsFooterView.m */; };
		2DD2B6791984046B00600A42 /* FTProfileImageView.m in Sources */ = {isa = PBXBuildFile; fileRef = 2DD2B6781984046B00600A42 /* FTProfileImageView.m */; };
		2DD2B67D19840FB500600A42 /* FTActivityCell.m in Sources */ = {isa = PBXBuildFile; fileRef = 2DD2B67C19840FB500600A42 /* FTActivityCell.m */; };
		2DD2B6801984100000600A42 /* FTBaseTextCell.m in Sources */ = {isa = PBXBuildFile; fileRef = 2DD2B67F1984100000600A42 /* FTBaseTextCell.m */; };
		2DD2B683198414B700600A42 /* FTPhotoDetailsViewController.m in Sources */ = {isa = PBXBuildFile; fileRef = 2DD2B682198414B700600A42 /* FTPhotoDetailsViewController.m */; };
		2DD2B6861984164E00600A42 /* FTAccountViewController.m in Sources */ = {isa = PBXBuildFile; fileRef = 2DD2B6851984164E00600A42 /* FTAccountViewController.m */; };
		2DD2B6891984167200600A42 /* FTPhotoTimelineViewController.m in Sources */ = {isa = PBXBuildFile; fileRef = 2DD2B6881984167200600A42 /* FTPhotoTimelineViewController.m */; };
		2DD2B68D1984170800600A42 /* FTPhotoHeaderView.m in Sources */ = {isa = PBXBuildFile; fileRef = 2DD2B68C1984170800600A42 /* FTPhotoHeaderView.m */; };
		2DD2B691198417D500600A42 /* FTLoadMoreCell.m in Sources */ = {isa = PBXBuildFile; fileRef = 2DD2B690198417D500600A42 /* FTLoadMoreCell.m */; };
		2DD2B694198418C300600A42 /* FTPhotoCell.m in Sources */ = {isa = PBXBuildFile; fileRef = 2DD2B693198418C300600A42 /* FTPhotoCell.m */; };
		2DD2B69819841B0600600A42 /* FTFindFriendsViewController.m in Sources */ = {isa = PBXBuildFile; fileRef = 2DD2B69719841B0600600A42 /* FTFindFriendsViewController.m */; };
		2DD2B69B19841BC700600A42 /* FTSettingsActionSheetDelegate.m in Sources */ = {isa = PBXBuildFile; fileRef = 2DD2B69A19841BC700600A42 /* FTSettingsActionSheetDelegate.m */; };
		2DD2B69E19841C3100600A42 /* FTFindFriendsCell.m in Sources */ = {isa = PBXBuildFile; fileRef = 2DD2B69D19841C3100600A42 /* FTFindFriendsCell.m */; };
		2DD2B6A119841DB000600A42 /* FTSettingsButtonItem.m in Sources */ = {isa = PBXBuildFile; fileRef = 2DD2B6A019841DB000600A42 /* FTSettingsButtonItem.m */; };
		2DD2B6A419841E0900600A42 /* FTImageView.m in Sources */ = {isa = PBXBuildFile; fileRef = 2DD2B6A319841E0900600A42 /* FTImageView.m */; };
		2DD6914D1949AF5B00B59E75 /* Foundation.framework in Frameworks */ = {isa = PBXBuildFile; fileRef = 2DD6914C1949AF5B00B59E75 /* Foundation.framework */; };
		2DD6914F1949AF5B00B59E75 /* CoreGraphics.framework in Frameworks */ = {isa = PBXBuildFile; fileRef = 2DD6914E1949AF5B00B59E75 /* CoreGraphics.framework */; };
		2DD691511949AF5B00B59E75 /* UIKit.framework in Frameworks */ = {isa = PBXBuildFile; fileRef = 2DD691501949AF5B00B59E75 /* UIKit.framework */; };
		2DD691571949AF5B00B59E75 /* InfoPlist.strings in Resources */ = {isa = PBXBuildFile; fileRef = 2DD691551949AF5B00B59E75 /* InfoPlist.strings */; };
		2DD691591949AF5B00B59E75 /* main.m in Sources */ = {isa = PBXBuildFile; fileRef = 2DD691581949AF5B00B59E75 /* main.m */; };
		2DD6915D1949AF5B00B59E75 /* AppDelegate.m in Sources */ = {isa = PBXBuildFile; fileRef = 2DD6915C1949AF5B00B59E75 /* AppDelegate.m */; };
		2DD691651949AF5B00B59E75 /* Images.xcassets in Resources */ = {isa = PBXBuildFile; fileRef = 2DD691641949AF5B00B59E75 /* Images.xcassets */; };
		2DD691821949AFA100B59E75 /* Parse.framework in Frameworks */ = {isa = PBXBuildFile; fileRef = 2DD691811949AFA100B59E75 /* Parse.framework */; };
		2DD691871949B04F00B59E75 /* AudioToolbox.framework in Frameworks */ = {isa = PBXBuildFile; fileRef = 2DD691831949B04F00B59E75 /* AudioToolbox.framework */; };
		2DD691881949B04F00B59E75 /* CFNetwork.framework in Frameworks */ = {isa = PBXBuildFile; fileRef = 2DD691841949B04F00B59E75 /* CFNetwork.framework */; };
		2DD691891949B04F00B59E75 /* CoreLocation.framework in Frameworks */ = {isa = PBXBuildFile; fileRef = 2DD691851949B04F00B59E75 /* CoreLocation.framework */; };
		2DD6918A1949B04F00B59E75 /* libz.dylib in Frameworks */ = {isa = PBXBuildFile; fileRef = 2DD691861949B04F00B59E75 /* libz.dylib */; };
		2DD691901949B07C00B59E75 /* MobileCoreServices.framework in Frameworks */ = {isa = PBXBuildFile; fileRef = 2DD6918B1949B07C00B59E75 /* MobileCoreServices.framework */; };
		2DD691911949B07C00B59E75 /* QuartzCore.framework in Frameworks */ = {isa = PBXBuildFile; fileRef = 2DD6918C1949B07C00B59E75 /* QuartzCore.framework */; };
		2DD691921949B07C00B59E75 /* Security.framework in Frameworks */ = {isa = PBXBuildFile; fileRef = 2DD6918D1949B07C00B59E75 /* Security.framework */; };
		2DD691931949B07C00B59E75 /* StoreKit.framework in Frameworks */ = {isa = PBXBuildFile; fileRef = 2DD6918E1949B07C00B59E75 /* StoreKit.framework */; };
		2DD691941949B07C00B59E75 /* SystemConfiguration.framework in Frameworks */ = {isa = PBXBuildFile; fileRef = 2DD6918F1949B07C00B59E75 /* SystemConfiguration.framework */; };
		2DD691981949B24300B59E75 /* FTConfigViewController.m in Sources */ = {isa = PBXBuildFile; fileRef = 2DD691971949B24300B59E75 /* FTConfigViewController.m */; };
		2DD6919B1949B71B00B59E75 /* FTLoginViewController.m in Sources */ = {isa = PBXBuildFile; fileRef = 2DD6919A1949B71B00B59E75 /* FTLoginViewController.m */; };
		2DD6919E1949B74400B59E75 /* FTSignupViewController.m in Sources */ = {isa = PBXBuildFile; fileRef = 2DD6919D1949B74400B59E75 /* FTSignupViewController.m */; };
		2DD691A01949C7BA00B59E75 /* Social.framework in Frameworks */ = {isa = PBXBuildFile; fileRef = 2DD6919F1949C7BA00B59E75 /* Social.framework */; };
		2DD691A21949C7C700B59E75 /* Accounts.framework in Frameworks */ = {isa = PBXBuildFile; fileRef = 2DD691A11949C7C700B59E75 /* Accounts.framework */; };
		2DD691A41949C7E300B59E75 /* FacebookSDK.framework in Frameworks */ = {isa = PBXBuildFile; fileRef = 2DD691A31949C7E300B59E75 /* FacebookSDK.framework */; };
		2DFE736C197316A700114541 /* FindFriendsFlowLayout.m in Sources */ = {isa = PBXBuildFile; fileRef = 2DFE736B197316A700114541 /* FindFriendsFlowLayout.m */; };
/* End PBXBuildFile section */

/* Begin PBXFileReference section */
		2D0A53A61971997F0091FFCA /* InspirationCellCollectionView.h */ = {isa = PBXFileReference; fileEncoding = 4; lastKnownFileType = sourcecode.c.h; path = InspirationCellCollectionView.h; sourceTree = "<group>"; };
		2D0A53A71971997F0091FFCA /* InspirationCellCollectionView.m */ = {isa = PBXFileReference; fileEncoding = 4; lastKnownFileType = sourcecode.c.objc; path = InspirationCellCollectionView.m; sourceTree = "<group>"; };
		2D0A53AA1971ABFF0091FFCA /* FindFriendsViewController.h */ = {isa = PBXFileReference; fileEncoding = 4; lastKnownFileType = sourcecode.c.h; path = FindFriendsViewController.h; sourceTree = "<group>"; };
		2D0A53AB1971ABFF0091FFCA /* FindFriendsViewController.m */ = {isa = PBXFileReference; fileEncoding = 4; lastKnownFileType = sourcecode.c.objc; path = FindFriendsViewController.m; sourceTree = "<group>"; };
		2D410F461973575C00CE2940 /* FTFeedViewController.h */ = {isa = PBXFileReference; fileEncoding = 4; lastKnownFileType = sourcecode.c.h; path = FTFeedViewController.h; sourceTree = "<group>"; };
		2D410F471973575C00CE2940 /* FTFeedViewController.m */ = {isa = PBXFileReference; fileEncoding = 4; lastKnownFileType = sourcecode.c.objc; path = FTFeedViewController.m; sourceTree = "<group>"; };
		2D410F4A1973581A00CE2940 /* FeedCollectionViewFlowLayout.h */ = {isa = PBXFileReference; fileEncoding = 4; lastKnownFileType = sourcecode.c.h; path = FeedCollectionViewFlowLayout.h; sourceTree = "<group>"; };
		2D410F4B1973581A00CE2940 /* FeedCollectionViewFlowLayout.m */ = {isa = PBXFileReference; fileEncoding = 4; lastKnownFileType = sourcecode.c.objc; path = FeedCollectionViewFlowLayout.m; sourceTree = "<group>"; };
		2D410F4D19735B5B00CE2940 /* FTNavigationBar.h */ = {isa = PBXFileReference; fileEncoding = 4; lastKnownFileType = sourcecode.c.h; path = FTNavigationBar.h; sourceTree = "<group>"; };
		2D410F4E19735B5B00CE2940 /* FTNavigationBar.m */ = {isa = PBXFileReference; fileEncoding = 4; lastKnownFileType = sourcecode.c.objc; path = FTNavigationBar.m; sourceTree = "<group>"; };
		2D410F5019735B7500CE2940 /* FTToolBar.h */ = {isa = PBXFileReference; fileEncoding = 4; lastKnownFileType = sourcecode.c.h; path = FTToolBar.h; sourceTree = "<group>"; };
		2D410F5119735B7500CE2940 /* FTToolBar.m */ = {isa = PBXFileReference; fileEncoding = 4; lastKnownFileType = sourcecode.c.objc; path = FTToolBar.m; sourceTree = "<group>"; };
		2D429A091977ED6000F8A9A0 /* FTProfileViewController.h */ = {isa = PBXFileReference; fileEncoding = 4; lastKnownFileType = sourcecode.c.h; path = FTProfileViewController.h; sourceTree = "<group>"; };
		2D429A0A1977ED6000F8A9A0 /* FTProfileViewController.m */ = {isa = PBXFileReference; fileEncoding = 4; lastKnownFileType = sourcecode.c.objc; path = FTProfileViewController.m; sourceTree = "<group>"; };
		2D429A0C1977EE7700F8A9A0 /* FTSearchViewController.h */ = {isa = PBXFileReference; fileEncoding = 4; lastKnownFileType = sourcecode.c.h; path = FTSearchViewController.h; sourceTree = "<group>"; };
		2D429A0D1977EE7700F8A9A0 /* FTSearchViewController.m */ = {isa = PBXFileReference; fileEncoding = 4; lastKnownFileType = sourcecode.c.objc; path = FTSearchViewController.m; sourceTree = "<group>"; };
		2D429A0F1977EE8F00F8A9A0 /* FTActivityFeedViewController.h */ = {isa = PBXFileReference; fileEncoding = 4; lastKnownFileType = sourcecode.c.h; path = FTActivityFeedViewController.h; sourceTree = "<group>"; };
		2D429A101977EE8F00F8A9A0 /* FTActivityFeedViewController.m */ = {isa = PBXFileReference; fileEncoding = 4; lastKnownFileType = sourcecode.c.objc; path = FTActivityFeedViewController.m; sourceTree = "<group>"; };
		2D429A121977EE9E00F8A9A0 /* FTOffersViewController.h */ = {isa = PBXFileReference; fileEncoding = 4; lastKnownFileType = sourcecode.c.h; path = FTOffersViewController.h; sourceTree = "<group>"; };
		2D429A131977EE9E00F8A9A0 /* FTOffersViewController.m */ = {isa = PBXFileReference; fileEncoding = 4; lastKnownFileType = sourcecode.c.objc; path = FTOffersViewController.m; sourceTree = "<group>"; };
		2D429A15197AD47000F8A9A0 /* FTConstants.h */ = {isa = PBXFileReference; fileEncoding = 4; lastKnownFileType = sourcecode.c.h; path = FTConstants.h; sourceTree = "<group>"; };
		2D429A16197AD47000F8A9A0 /* FTConstants.m */ = {isa = PBXFileReference; fileEncoding = 4; lastKnownFileType = sourcecode.c.objc; path = FTConstants.m; sourceTree = "<group>"; };
		2D429A19197AF37000F8A9A0 /* Reachability.h */ = {isa = PBXFileReference; fileEncoding = 4; lastKnownFileType = sourcecode.c.h; path = Reachability.h; sourceTree = "<group>"; };
		2D429A1A197AF37000F8A9A0 /* Reachability.m */ = {isa = PBXFileReference; fileEncoding = 4; lastKnownFileType = sourcecode.c.objc; path = Reachability.m; sourceTree = "<group>"; };
		2D429A1E197B2F4C00F8A9A0 /* FTTabBarController.h */ = {isa = PBXFileReference; fileEncoding = 4; lastKnownFileType = sourcecode.c.h; path = FTTabBarController.h; sourceTree = "<group>"; };
		2D429A1F197B2F4C00F8A9A0 /* FTTabBarController.m */ = {isa = PBXFileReference; fileEncoding = 4; lastKnownFileType = sourcecode.c.objc; path = FTTabBarController.m; sourceTree = "<group>"; };
		2D429A21197B320C00F8A9A0 /* ImageIO.framework */ = {isa = PBXFileReference; lastKnownFileType = wrapper.framework; name = ImageIO.framework; path = System/Library/Frameworks/ImageIO.framework; sourceTree = SDKROOT; };
		2D429A23197B321E00F8A9A0 /* AVFoundation.framework */ = {isa = PBXFileReference; lastKnownFileType = wrapper.framework; name = AVFoundation.framework; path = System/Library/Frameworks/AVFoundation.framework; sourceTree = SDKROOT; };
		2D429A25197B339900F8A9A0 /* libsqlite3.dylib */ = {isa = PBXFileReference; lastKnownFileType = "compiled.mach-o.dylib"; name = libsqlite3.dylib; path = usr/lib/libsqlite3.dylib; sourceTree = SDKROOT; };
		2D429A2B197B345300F8A9A0 /* MBProgressHUD.h */ = {isa = PBXFileReference; fileEncoding = 4; lastKnownFileType = sourcecode.c.h; path = MBProgressHUD.h; sourceTree = "<group>"; };
		2D429A2C197B345300F8A9A0 /* MBProgressHUD.m */ = {isa = PBXFileReference; fileEncoding = 4; lastKnownFileType = sourcecode.c.objc; path = MBProgressHUD.m; sourceTree = "<group>"; };
		2D429A2E197B34DC00F8A9A0 /* TTTTimeIntervalFormatter.h */ = {isa = PBXFileReference; fileEncoding = 4; lastKnownFileType = sourcecode.c.h; path = TTTTimeIntervalFormatter.h; sourceTree = "<group>"; };
		2D429A2F197B34DC00F8A9A0 /* TTTTimeIntervalFormatter.m */ = {isa = PBXFileReference; fileEncoding = 4; lastKnownFileType = sourcecode.c.objc; path = TTTTimeIntervalFormatter.m; sourceTree = "<group>"; };
		2D429A31197B354600F8A9A0 /* UIImage+ImageEffects.h */ = {isa = PBXFileReference; fileEncoding = 4; lastKnownFileType = sourcecode.c.h; path = "UIImage+ImageEffects.h"; sourceTree = "<group>"; };
		2D429A32197B354600F8A9A0 /* UIImage+ImageEffects.m */ = {isa = PBXFileReference; fileEncoding = 4; lastKnownFileType = sourcecode.c.objc; path = "UIImage+ImageEffects.m"; sourceTree = "<group>"; };
		2D6E0222196A24A1004DC010 /* InterestFlowLayout.h */ = {isa = PBXFileReference; fileEncoding = 4; lastKnownFileType = sourcecode.c.h; path = InterestFlowLayout.h; sourceTree = "<group>"; };
		2D6E0223196A24A1004DC010 /* InterestFlowLayout.m */ = {isa = PBXFileReference; fileEncoding = 4; lastKnownFileType = sourcecode.c.objc; path = InterestFlowLayout.m; sourceTree = "<group>"; };
		2D9949711996905E000E321E /* FTOverlayView.h */ = {isa = PBXFileReference; fileEncoding = 4; lastKnownFileType = sourcecode.c.h; path = FTOverlayView.h; sourceTree = "<group>"; };
		2D9949721996905E000E321E /* FTOverlayView.m */ = {isa = PBXFileReference; fileEncoding = 4; lastKnownFileType = sourcecode.c.objc; path = FTOverlayView.m; sourceTree = "<group>"; };
		2D9949741996A9AF000E321E /* FTCameraToolBar.h */ = {isa = PBXFileReference; fileEncoding = 4; lastKnownFileType = sourcecode.c.h; path = FTCameraToolBar.h; sourceTree = "<group>"; };
		2D9949751996A9B0000E321E /* FTCameraToolBar.m */ = {isa = PBXFileReference; fileEncoding = 4; lastKnownFileType = sourcecode.c.objc; path = FTCameraToolBar.m; sourceTree = "<group>"; };
		2DAA63DC1957A51F003B1DDF /* UIView+FormScroll.h */ = {isa = PBXFileReference; fileEncoding = 4; lastKnownFileType = sourcecode.c.h; path = "UIView+FormScroll.h"; sourceTree = "<group>"; };
		2DAA63DD1957A51F003B1DDF /* UIView+FormScroll.m */ = {isa = PBXFileReference; fileEncoding = 4; lastKnownFileType = sourcecode.c.objc; path = "UIView+FormScroll.m"; sourceTree = "<group>"; };
		2DABDA02195DA48200379891 /* AssetsLibrary.framework */ = {isa = PBXFileReference; lastKnownFileType = wrapper.framework; name = AssetsLibrary.framework; path = System/Library/Frameworks/AssetsLibrary.framework; sourceTree = SDKROOT; };
		2DABDA04195DC0E500379891 /* PhotoCellCollectionView.h */ = {isa = PBXFileReference; fileEncoding = 4; lastKnownFileType = sourcecode.c.h; path = PhotoCellCollectionView.h; sourceTree = "<group>"; };
		2DABDA05195DC0E500379891 /* PhotoCellCollectionView.m */ = {isa = PBXFileReference; fileEncoding = 4; lastKnownFileType = sourcecode.c.objc; path = PhotoCellCollectionView.m; sourceTree = "<group>"; };
		2DABDA08195DE15900379891 /* ImageCustomNavigationBar.h */ = {isa = PBXFileReference; fileEncoding = 4; lastKnownFileType = sourcecode.c.h; path = ImageCustomNavigationBar.h; sourceTree = "<group>"; };
		2DABDA09195DE15900379891 /* ImageCustomNavigationBar.m */ = {isa = PBXFileReference; fileEncoding = 4; lastKnownFileType = sourcecode.c.objc; path = ImageCustomNavigationBar.m; sourceTree = "<group>"; };
		2DABDA0B1960520800379891 /* CustomToolBar.h */ = {isa = PBXFileReference; fileEncoding = 4; lastKnownFileType = sourcecode.c.h; path = CustomToolBar.h; sourceTree = "<group>"; };
		2DABDA0C1960520800379891 /* CustomToolBar.m */ = {isa = PBXFileReference; fileEncoding = 4; lastKnownFileType = sourcecode.c.objc; path = CustomToolBar.m; sourceTree = "<group>"; };
		2DACD9731962D62200833C14 /* InterestCellCollectionView.h */ = {isa = PBXFileReference; fileEncoding = 4; lastKnownFileType = sourcecode.c.h; path = InterestCellCollectionView.h; sourceTree = "<group>"; };
		2DACD9741962D62200833C14 /* InterestCellCollectionView.m */ = {isa = PBXFileReference; fileEncoding = 4; lastKnownFileType = sourcecode.c.objc; path = InterestCellCollectionView.m; sourceTree = "<group>"; };
		2DACD97619656F8900833C14 /* InterestCollectionViewFlowLayout.h */ = {isa = PBXFileReference; fileEncoding = 4; lastKnownFileType = sourcecode.c.h; path = InterestCollectionViewFlowLayout.h; sourceTree = "<group>"; };
		2DACD97719656F8900833C14 /* InterestCollectionViewFlowLayout.m */ = {isa = PBXFileReference; fileEncoding = 4; lastKnownFileType = sourcecode.c.objc; path = InterestCollectionViewFlowLayout.m; sourceTree = "<group>"; };
		2DACD979196578DA00833C14 /* FTInspirationViewController.h */ = {isa = PBXFileReference; fileEncoding = 4; lastKnownFileType = sourcecode.c.h; path = FTInspirationViewController.h; sourceTree = "<group>"; };
		2DACD97A196578DA00833C14 /* FTInspirationViewController.m */ = {isa = PBXFileReference; fileEncoding = 4; lastKnownFileType = sourcecode.c.objc; path = FTInspirationViewController.m; sourceTree = "<group>"; };
		2DACE8121966FF7200154504 /* CollectionHeaderView.h */ = {isa = PBXFileReference; fileEncoding = 4; lastKnownFileType = sourcecode.c.h; path = CollectionHeaderView.h; sourceTree = "<group>"; };
		2DACE8131966FF7200154504 /* CollectionHeaderView.m */ = {isa = PBXFileReference; fileEncoding = 4; lastKnownFileType = sourcecode.c.objc; path = CollectionHeaderView.m; sourceTree = "<group>"; };
		2DAF5B9F19B2A28E00E5E10B /* FTEditVideoViewController.h */ = {isa = PBXFileReference; fileEncoding = 4; lastKnownFileType = sourcecode.c.h; path = FTEditVideoViewController.h; sourceTree = "<group>"; };
		2DAF5BA019B2A28E00E5E10B /* FTEditVideoViewController.m */ = {isa = PBXFileReference; fileEncoding = 4; lastKnownFileType = sourcecode.c.objc; path = FTEditVideoViewController.m; sourceTree = "<group>"; };
		2DBC6E58195C783C008B5AD3 /* FTCamRollViewController.h */ = {isa = PBXFileReference; fileEncoding = 4; lastKnownFileType = sourcecode.c.h; path = FTCamRollViewController.h; sourceTree = "<group>"; };
		2DBC6E59195C783C008B5AD3 /* FTCamRollViewController.m */ = {isa = PBXFileReference; fileEncoding = 4; lastKnownFileType = sourcecode.c.objc; path = FTCamRollViewController.m; sourceTree = "<group>"; };
		2DBC6E9F195CBCE2008B5AD3 /* FTInterestsViewController.h */ = {isa = PBXFileReference; fileEncoding = 4; lastKnownFileType = sourcecode.c.h; path = FTInterestsViewController.h; sourceTree = "<group>"; };
		2DBC6EA0195CBCE2008B5AD3 /* FTInterestsViewController.m */ = {isa = PBXFileReference; fileEncoding = 4; lastKnownFileType = sourcecode.c.objc; path = FTInterestsViewController.m; sourceTree = "<group>"; };
		2DBEEE5519AB4F1E00AAD238 /* FTPostDetailsFooterView.h */ = {isa = PBXFileReference; fileEncoding = 4; lastKnownFileType = sourcecode.c.h; path = FTPostDetailsFooterView.h; sourceTree = "<group>"; };
		2DBEEE5619AB4F1E00AAD238 /* FTPostDetailsFooterView.m */ = {isa = PBXFileReference; fileEncoding = 4; lastKnownFileType = sourcecode.c.objc; path = FTPostDetailsFooterView.m; sourceTree = "<group>"; };
		2DC507CA199829940041A03D /* FTCamViewController.h */ = {isa = PBXFileReference; fileEncoding = 4; lastKnownFileType = sourcecode.c.h; path = FTCamViewController.h; sourceTree = "<group>"; };
		2DC507CB199829940041A03D /* FTCamViewController.m */ = {isa = PBXFileReference; fileEncoding = 4; lastKnownFileType = sourcecode.c.objc; path = FTCamViewController.m; sourceTree = "<group>"; };
		2DC507D3199FBE030041A03D /* FTHomeViewController.h */ = {isa = PBXFileReference; fileEncoding = 4; lastKnownFileType = sourcecode.c.h; path = FTHomeViewController.h; sourceTree = "<group>"; };
		2DC507D4199FBE030041A03D /* FTHomeViewController.m */ = {isa = PBXFileReference; fileEncoding = 4; lastKnownFileType = sourcecode.c.objc; path = FTHomeViewController.m; sourceTree = "<group>"; };
		2DD2B6531983FD0E00600A42 /* FTUtility.h */ = {isa = PBXFileReference; fileEncoding = 4; lastKnownFileType = sourcecode.c.h; path = FTUtility.h; sourceTree = "<group>"; };
		2DD2B6541983FD0E00600A42 /* FTUtility.m */ = {isa = PBXFileReference; fileEncoding = 4; lastKnownFileType = sourcecode.c.objc; path = FTUtility.m; sourceTree = "<group>"; };
		2DD2B6561983FD2C00600A42 /* FTCache.h */ = {isa = PBXFileReference; fileEncoding = 4; lastKnownFileType = sourcecode.c.h; path = FTCache.h; sourceTree = "<group>"; };
		2DD2B6571983FD2C00600A42 /* FTCache.m */ = {isa = PBXFileReference; fileEncoding = 4; lastKnownFileType = sourcecode.c.objc; path = FTCache.m; sourceTree = "<group>"; };
		2DD2B6611984005300600A42 /* UIImage+AlphaAdditions.h */ = {isa = PBXFileReference; fileEncoding = 4; lastKnownFileType = sourcecode.c.h; path = "UIImage+AlphaAdditions.h"; sourceTree = "<group>"; };
		2DD2B6621984005300600A42 /* UIImage+AlphaAdditions.m */ = {isa = PBXFileReference; fileEncoding = 4; lastKnownFileType = sourcecode.c.objc; path = "UIImage+AlphaAdditions.m"; sourceTree = "<group>"; };
		2DD2B664198400C000600A42 /* UIImage+ResizeAdditions.h */ = {isa = PBXFileReference; fileEncoding = 4; lastKnownFileType = sourcecode.c.h; path = "UIImage+ResizeAdditions.h"; sourceTree = "<group>"; };
		2DD2B665198400C000600A42 /* UIImage+ResizeAdditions.m */ = {isa = PBXFileReference; fileEncoding = 4; lastKnownFileType = sourcecode.c.objc; path = "UIImage+ResizeAdditions.m"; sourceTree = "<group>"; };
		2DD2B667198400D800600A42 /* UIImage+RoundedCornerAdditions.h */ = {isa = PBXFileReference; fileEncoding = 4; lastKnownFileType = sourcecode.c.h; path = "UIImage+RoundedCornerAdditions.h"; sourceTree = "<group>"; };
		2DD2B668198400D800600A42 /* UIImage+RoundedCornerAdditions.m */ = {isa = PBXFileReference; fileEncoding = 4; lastKnownFileType = sourcecode.c.objc; path = "UIImage+RoundedCornerAdditions.m"; sourceTree = "<group>"; };
		2DD2B66B198402BB00600A42 /* FTEditPhotoViewController.h */ = {isa = PBXFileReference; fileEncoding = 4; lastKnownFileType = sourcecode.c.h; path = FTEditPhotoViewController.h; sourceTree = "<group>"; };
		2DD2B66C198402BB00600A42 /* FTEditPhotoViewController.m */ = {isa = PBXFileReference; fileEncoding = 4; lastKnownFileType = sourcecode.c.objc; path = FTEditPhotoViewController.m; sourceTree = "<group>"; };
		2DD2B6711984039500600A42 /* FTPhotoDetailsHeaderView.h */ = {isa = PBXFileReference; fileEncoding = 4; lastKnownFileType = sourcecode.c.h; path = FTPhotoDetailsHeaderView.h; sourceTree = "<group>"; };
		2DD2B6721984039500600A42 /* FTPhotoDetailsHeaderView.m */ = {isa = PBXFileReference; fileEncoding = 4; lastKnownFileType = sourcecode.c.objc; path = FTPhotoDetailsHeaderView.m; sourceTree = "<group>"; };
		2DD2B674198403FC00600A42 /* FTPhotoDetailsFooterView.h */ = {isa = PBXFileReference; fileEncoding = 4; lastKnownFileType = sourcecode.c.h; path = FTPhotoDetailsFooterView.h; sourceTree = "<group>"; };
		2DD2B675198403FC00600A42 /* FTPhotoDetailsFooterView.m */ = {isa = PBXFileReference; fileEncoding = 4; lastKnownFileType = sourcecode.c.objc; path = FTPhotoDetailsFooterView.m; sourceTree = "<group>"; };
		2DD2B6771984046B00600A42 /* FTProfileImageView.h */ = {isa = PBXFileReference; fileEncoding = 4; lastKnownFileType = sourcecode.c.h; path = FTProfileImageView.h; sourceTree = "<group>"; };
		2DD2B6781984046B00600A42 /* FTProfileImageView.m */ = {isa = PBXFileReference; fileEncoding = 4; lastKnownFileType = sourcecode.c.objc; path = FTProfileImageView.m; sourceTree = "<group>"; };
		2DD2B67B19840FB500600A42 /* FTActivityCell.h */ = {isa = PBXFileReference; fileEncoding = 4; lastKnownFileType = sourcecode.c.h; path = FTActivityCell.h; sourceTree = "<group>"; };
		2DD2B67C19840FB500600A42 /* FTActivityCell.m */ = {isa = PBXFileReference; fileEncoding = 4; lastKnownFileType = sourcecode.c.objc; path = FTActivityCell.m; sourceTree = "<group>"; };
		2DD2B67E1984100000600A42 /* FTBaseTextCell.h */ = {isa = PBXFileReference; fileEncoding = 4; lastKnownFileType = sourcecode.c.h; path = FTBaseTextCell.h; sourceTree = "<group>"; };
		2DD2B67F1984100000600A42 /* FTBaseTextCell.m */ = {isa = PBXFileReference; fileEncoding = 4; lastKnownFileType = sourcecode.c.objc; path = FTBaseTextCell.m; sourceTree = "<group>"; };
		2DD2B681198414B700600A42 /* FTPhotoDetailsViewController.h */ = {isa = PBXFileReference; fileEncoding = 4; lastKnownFileType = sourcecode.c.h; path = FTPhotoDetailsViewController.h; sourceTree = "<group>"; };
		2DD2B682198414B700600A42 /* FTPhotoDetailsViewController.m */ = {isa = PBXFileReference; fileEncoding = 4; lastKnownFileType = sourcecode.c.objc; path = FTPhotoDetailsViewController.m; sourceTree = "<group>"; };
		2DD2B6841984164E00600A42 /* FTAccountViewController.h */ = {isa = PBXFileReference; fileEncoding = 4; lastKnownFileType = sourcecode.c.h; path = FTAccountViewController.h; sourceTree = "<group>"; };
		2DD2B6851984164E00600A42 /* FTAccountViewController.m */ = {isa = PBXFileReference; fileEncoding = 4; lastKnownFileType = sourcecode.c.objc; path = FTAccountViewController.m; sourceTree = "<group>"; };
		2DD2B6871984167200600A42 /* FTPhotoTimelineViewController.h */ = {isa = PBXFileReference; fileEncoding = 4; lastKnownFileType = sourcecode.c.h; path = FTPhotoTimelineViewController.h; sourceTree = "<group>"; };
		2DD2B6881984167200600A42 /* FTPhotoTimelineViewController.m */ = {isa = PBXFileReference; fileEncoding = 4; lastKnownFileType = sourcecode.c.objc; path = FTPhotoTimelineViewController.m; sourceTree = "<group>"; };
		2DD2B68B1984170800600A42 /* FTPhotoHeaderView.h */ = {isa = PBXFileReference; fileEncoding = 4; lastKnownFileType = sourcecode.c.h; path = FTPhotoHeaderView.h; sourceTree = "<group>"; };
		2DD2B68C1984170800600A42 /* FTPhotoHeaderView.m */ = {isa = PBXFileReference; fileEncoding = 4; lastKnownFileType = sourcecode.c.objc; path = FTPhotoHeaderView.m; sourceTree = "<group>"; };
		2DD2B68F198417D500600A42 /* FTLoadMoreCell.h */ = {isa = PBXFileReference; fileEncoding = 4; lastKnownFileType = sourcecode.c.h; path = FTLoadMoreCell.h; sourceTree = "<group>"; };
		2DD2B690198417D500600A42 /* FTLoadMoreCell.m */ = {isa = PBXFileReference; fileEncoding = 4; lastKnownFileType = sourcecode.c.objc; path = FTLoadMoreCell.m; sourceTree = "<group>"; };
		2DD2B692198418C300600A42 /* FTPhotoCell.h */ = {isa = PBXFileReference; fileEncoding = 4; lastKnownFileType = sourcecode.c.h; path = FTPhotoCell.h; sourceTree = "<group>"; };
		2DD2B693198418C300600A42 /* FTPhotoCell.m */ = {isa = PBXFileReference; fileEncoding = 4; lastKnownFileType = sourcecode.c.objc; path = FTPhotoCell.m; sourceTree = "<group>"; };
		2DD2B69619841B0600600A42 /* FTFindFriendsViewController.h */ = {isa = PBXFileReference; fileEncoding = 4; lastKnownFileType = sourcecode.c.h; path = FTFindFriendsViewController.h; sourceTree = "<group>"; };
		2DD2B69719841B0600600A42 /* FTFindFriendsViewController.m */ = {isa = PBXFileReference; fileEncoding = 4; lastKnownFileType = sourcecode.c.objc; path = FTFindFriendsViewController.m; sourceTree = "<group>"; };
		2DD2B69919841BC700600A42 /* FTSettingsActionSheetDelegate.h */ = {isa = PBXFileReference; fileEncoding = 4; lastKnownFileType = sourcecode.c.h; path = FTSettingsActionSheetDelegate.h; sourceTree = "<group>"; };
		2DD2B69A19841BC700600A42 /* FTSettingsActionSheetDelegate.m */ = {isa = PBXFileReference; fileEncoding = 4; lastKnownFileType = sourcecode.c.objc; path = FTSettingsActionSheetDelegate.m; sourceTree = "<group>"; };
		2DD2B69C19841C3100600A42 /* FTFindFriendsCell.h */ = {isa = PBXFileReference; fileEncoding = 4; lastKnownFileType = sourcecode.c.h; path = FTFindFriendsCell.h; sourceTree = "<group>"; };
		2DD2B69D19841C3100600A42 /* FTFindFriendsCell.m */ = {isa = PBXFileReference; fileEncoding = 4; lastKnownFileType = sourcecode.c.objc; path = FTFindFriendsCell.m; sourceTree = "<group>"; };
		2DD2B69F19841DB000600A42 /* FTSettingsButtonItem.h */ = {isa = PBXFileReference; fileEncoding = 4; lastKnownFileType = sourcecode.c.h; path = FTSettingsButtonItem.h; sourceTree = "<group>"; };
		2DD2B6A019841DB000600A42 /* FTSettingsButtonItem.m */ = {isa = PBXFileReference; fileEncoding = 4; lastKnownFileType = sourcecode.c.objc; path = FTSettingsButtonItem.m; sourceTree = "<group>"; };
		2DD2B6A219841E0900600A42 /* FTImageView.h */ = {isa = PBXFileReference; fileEncoding = 4; lastKnownFileType = sourcecode.c.h; path = FTImageView.h; sourceTree = "<group>"; };
		2DD2B6A319841E0900600A42 /* FTImageView.m */ = {isa = PBXFileReference; fileEncoding = 4; lastKnownFileType = sourcecode.c.objc; path = FTImageView.m; sourceTree = "<group>"; };
		2DD691491949AF5B00B59E75 /* FitTag.app */ = {isa = PBXFileReference; explicitFileType = wrapper.application; includeInIndex = 0; path = FitTag.app; sourceTree = BUILT_PRODUCTS_DIR; };
		2DD6914C1949AF5B00B59E75 /* Foundation.framework */ = {isa = PBXFileReference; lastKnownFileType = wrapper.framework; name = Foundation.framework; path = System/Library/Frameworks/Foundation.framework; sourceTree = SDKROOT; };
		2DD6914E1949AF5B00B59E75 /* CoreGraphics.framework */ = {isa = PBXFileReference; lastKnownFileType = wrapper.framework; name = CoreGraphics.framework; path = System/Library/Frameworks/CoreGraphics.framework; sourceTree = SDKROOT; };
		2DD691501949AF5B00B59E75 /* UIKit.framework */ = {isa = PBXFileReference; lastKnownFileType = wrapper.framework; name = UIKit.framework; path = System/Library/Frameworks/UIKit.framework; sourceTree = SDKROOT; };
		2DD691541949AF5B00B59E75 /* FitTag-Info.plist */ = {isa = PBXFileReference; lastKnownFileType = text.plist.xml; path = "FitTag-Info.plist"; sourceTree = "<group>"; };
		2DD691561949AF5B00B59E75 /* en */ = {isa = PBXFileReference; lastKnownFileType = text.plist.strings; name = en; path = en.lproj/InfoPlist.strings; sourceTree = "<group>"; };
		2DD691581949AF5B00B59E75 /* main.m */ = {isa = PBXFileReference; lastKnownFileType = sourcecode.c.objc; path = main.m; sourceTree = "<group>"; };
		2DD6915A1949AF5B00B59E75 /* Prefix.pch */ = {isa = PBXFileReference; lastKnownFileType = sourcecode.c.h; path = Prefix.pch; sourceTree = "<group>"; };
		2DD6915B1949AF5B00B59E75 /* AppDelegate.h */ = {isa = PBXFileReference; lastKnownFileType = sourcecode.c.h; path = AppDelegate.h; sourceTree = "<group>"; };
		2DD6915C1949AF5B00B59E75 /* AppDelegate.m */ = {isa = PBXFileReference; lastKnownFileType = sourcecode.c.objc; path = AppDelegate.m; sourceTree = "<group>"; };
		2DD691641949AF5B00B59E75 /* Images.xcassets */ = {isa = PBXFileReference; lastKnownFileType = folder.assetcatalog; path = Images.xcassets; sourceTree = "<group>"; };
		2DD6916B1949AF5B00B59E75 /* XCTest.framework */ = {isa = PBXFileReference; lastKnownFileType = wrapper.framework; name = XCTest.framework; path = Library/Frameworks/XCTest.framework; sourceTree = DEVELOPER_DIR; };
		2DD691731949AF5B00B59E75 /* FitTagTests-Info.plist */ = {isa = PBXFileReference; lastKnownFileType = text.plist.xml; path = "FitTagTests-Info.plist"; sourceTree = "<group>"; };
		2DD691751949AF5B00B59E75 /* en */ = {isa = PBXFileReference; lastKnownFileType = text.plist.strings; name = en; path = en.lproj/InfoPlist.strings; sourceTree = "<group>"; };
		2DD691771949AF5B00B59E75 /* FitTagTests.m */ = {isa = PBXFileReference; lastKnownFileType = sourcecode.c.objc; path = FitTagTests.m; sourceTree = "<group>"; };
		2DD691811949AFA100B59E75 /* Parse.framework */ = {isa = PBXFileReference; lastKnownFileType = wrapper.framework; path = Parse.framework; sourceTree = "<group>"; };
		2DD691831949B04F00B59E75 /* AudioToolbox.framework */ = {isa = PBXFileReference; lastKnownFileType = wrapper.framework; name = AudioToolbox.framework; path = System/Library/Frameworks/AudioToolbox.framework; sourceTree = SDKROOT; };
		2DD691841949B04F00B59E75 /* CFNetwork.framework */ = {isa = PBXFileReference; lastKnownFileType = wrapper.framework; name = CFNetwork.framework; path = System/Library/Frameworks/CFNetwork.framework; sourceTree = SDKROOT; };
		2DD691851949B04F00B59E75 /* CoreLocation.framework */ = {isa = PBXFileReference; lastKnownFileType = wrapper.framework; name = CoreLocation.framework; path = System/Library/Frameworks/CoreLocation.framework; sourceTree = SDKROOT; };
		2DD691861949B04F00B59E75 /* libz.dylib */ = {isa = PBXFileReference; lastKnownFileType = "compiled.mach-o.dylib"; name = libz.dylib; path = usr/lib/libz.dylib; sourceTree = SDKROOT; };
		2DD6918B1949B07C00B59E75 /* MobileCoreServices.framework */ = {isa = PBXFileReference; lastKnownFileType = wrapper.framework; name = MobileCoreServices.framework; path = System/Library/Frameworks/MobileCoreServices.framework; sourceTree = SDKROOT; };
		2DD6918C1949B07C00B59E75 /* QuartzCore.framework */ = {isa = PBXFileReference; lastKnownFileType = wrapper.framework; name = QuartzCore.framework; path = System/Library/Frameworks/QuartzCore.framework; sourceTree = SDKROOT; };
		2DD6918D1949B07C00B59E75 /* Security.framework */ = {isa = PBXFileReference; lastKnownFileType = wrapper.framework; name = Security.framework; path = System/Library/Frameworks/Security.framework; sourceTree = SDKROOT; };
		2DD6918E1949B07C00B59E75 /* StoreKit.framework */ = {isa = PBXFileReference; lastKnownFileType = wrapper.framework; name = StoreKit.framework; path = System/Library/Frameworks/StoreKit.framework; sourceTree = SDKROOT; };
		2DD6918F1949B07C00B59E75 /* SystemConfiguration.framework */ = {isa = PBXFileReference; lastKnownFileType = wrapper.framework; name = SystemConfiguration.framework; path = System/Library/Frameworks/SystemConfiguration.framework; sourceTree = SDKROOT; };
		2DD691961949B24300B59E75 /* FTConfigViewController.h */ = {isa = PBXFileReference; fileEncoding = 4; lastKnownFileType = sourcecode.c.h; path = FTConfigViewController.h; sourceTree = "<group>"; };
		2DD691971949B24300B59E75 /* FTConfigViewController.m */ = {isa = PBXFileReference; fileEncoding = 4; lastKnownFileType = sourcecode.c.objc; path = FTConfigViewController.m; sourceTree = "<group>"; };
		2DD691991949B71B00B59E75 /* FTLoginViewController.h */ = {isa = PBXFileReference; fileEncoding = 4; lastKnownFileType = sourcecode.c.h; path = FTLoginViewController.h; sourceTree = "<group>"; };
		2DD6919A1949B71B00B59E75 /* FTLoginViewController.m */ = {isa = PBXFileReference; fileEncoding = 4; lastKnownFileType = sourcecode.c.objc; path = FTLoginViewController.m; sourceTree = "<group>"; };
		2DD6919C1949B74400B59E75 /* FTSignupViewController.h */ = {isa = PBXFileReference; fileEncoding = 4; lastKnownFileType = sourcecode.c.h; path = FTSignupViewController.h; sourceTree = "<group>"; };
		2DD6919D1949B74400B59E75 /* FTSignupViewController.m */ = {isa = PBXFileReference; fileEncoding = 4; lastKnownFileType = sourcecode.c.objc; path = FTSignupViewController.m; sourceTree = "<group>"; };
		2DD6919F1949C7BA00B59E75 /* Social.framework */ = {isa = PBXFileReference; lastKnownFileType = wrapper.framework; name = Social.framework; path = System/Library/Frameworks/Social.framework; sourceTree = SDKROOT; };
		2DD691A11949C7C700B59E75 /* Accounts.framework */ = {isa = PBXFileReference; lastKnownFileType = wrapper.framework; name = Accounts.framework; path = System/Library/Frameworks/Accounts.framework; sourceTree = SDKROOT; };
		2DD691A31949C7E300B59E75 /* FacebookSDK.framework */ = {isa = PBXFileReference; lastKnownFileType = wrapper.framework; path = FacebookSDK.framework; sourceTree = "<group>"; };
		2DFE736A197316A700114541 /* FindFriendsFlowLayout.h */ = {isa = PBXFileReference; fileEncoding = 4; lastKnownFileType = sourcecode.c.h; path = FindFriendsFlowLayout.h; sourceTree = "<group>"; };
		2DFE736B197316A700114541 /* FindFriendsFlowLayout.m */ = {isa = PBXFileReference; fileEncoding = 4; lastKnownFileType = sourcecode.c.objc; path = FindFriendsFlowLayout.m; sourceTree = "<group>"; };
/* End PBXFileReference section */

/* Begin PBXFrameworksBuildPhase section */
		2DD691461949AF5B00B59E75 /* Frameworks */ = {
			isa = PBXFrameworksBuildPhase;
			buildActionMask = 2147483647;
			files = (
				2D429A26197B339900F8A9A0 /* libsqlite3.dylib in Frameworks */,
				2DD691881949B04F00B59E75 /* CFNetwork.framework in Frameworks */,
				2DD691871949B04F00B59E75 /* AudioToolbox.framework in Frameworks */,
				2DD691921949B07C00B59E75 /* Security.framework in Frameworks */,
				2D429A24197B321E00F8A9A0 /* AVFoundation.framework in Frameworks */,
				2D429A22197B320C00F8A9A0 /* ImageIO.framework in Frameworks */,
				2DABDA03195DA48200379891 /* AssetsLibrary.framework in Frameworks */,
				2DD691A21949C7C700B59E75 /* Accounts.framework in Frameworks */,
				2DD691A01949C7BA00B59E75 /* Social.framework in Frameworks */,
				2DD691901949B07C00B59E75 /* MobileCoreServices.framework in Frameworks */,
				2DD691911949B07C00B59E75 /* QuartzCore.framework in Frameworks */,
				2DD691931949B07C00B59E75 /* StoreKit.framework in Frameworks */,
				2DD691941949B07C00B59E75 /* SystemConfiguration.framework in Frameworks */,
				2DD691891949B04F00B59E75 /* CoreLocation.framework in Frameworks */,
				2DD6918A1949B04F00B59E75 /* libz.dylib in Frameworks */,
				2DD6914F1949AF5B00B59E75 /* CoreGraphics.framework in Frameworks */,
				2DD691511949AF5B00B59E75 /* UIKit.framework in Frameworks */,
				2DD691A41949C7E300B59E75 /* FacebookSDK.framework in Frameworks */,
				2DD691821949AFA100B59E75 /* Parse.framework in Frameworks */,
				2DD6914D1949AF5B00B59E75 /* Foundation.framework in Frameworks */,
			);
			runOnlyForDeploymentPostprocessing = 0;
		};
/* End PBXFrameworksBuildPhase section */

/* Begin PBXGroup section */
		2D0A53A91971A65F0091FFCA /* Categories */ = {
			isa = PBXGroup;
			children = (
				2DAA63DC1957A51F003B1DDF /* UIView+FormScroll.h */,
				2DAA63DD1957A51F003B1DDF /* UIView+FormScroll.m */,
				2DD2B6611984005300600A42 /* UIImage+AlphaAdditions.h */,
				2DD2B6621984005300600A42 /* UIImage+AlphaAdditions.m */,
				2DD2B664198400C000600A42 /* UIImage+ResizeAdditions.h */,
				2DD2B665198400C000600A42 /* UIImage+ResizeAdditions.m */,
				2DD2B667198400D800600A42 /* UIImage+RoundedCornerAdditions.h */,
				2DD2B668198400D800600A42 /* UIImage+RoundedCornerAdditions.m */,
			);
			name = Categories;
			sourceTree = "<group>";
		};
		2D0A53AD1971AC240091FFCA /* Home */ = {
			isa = PBXGroup;
			children = (
				2DD2B6871984167200600A42 /* FTPhotoTimelineViewController.h */,
				2DD2B6881984167200600A42 /* FTPhotoTimelineViewController.m */,
				2DC507D3199FBE030041A03D /* FTHomeViewController.h */,
				2DC507D4199FBE030041A03D /* FTHomeViewController.m */,
			);
			name = Home;
			sourceTree = "<group>";
		};
		2D410F49197357E900CE2940 /* Layouts */ = {
			isa = PBXGroup;
			children = (
				2DFE736A197316A700114541 /* FindFriendsFlowLayout.h */,
				2DFE736B197316A700114541 /* FindFriendsFlowLayout.m */,
				2DACD97619656F8900833C14 /* InterestCollectionViewFlowLayout.h */,
				2DACD97719656F8900833C14 /* InterestCollectionViewFlowLayout.m */,
				2D6E0222196A24A1004DC010 /* InterestFlowLayout.h */,
				2D6E0223196A24A1004DC010 /* InterestFlowLayout.m */,
				2D410F4A1973581A00CE2940 /* FeedCollectionViewFlowLayout.h */,
				2D410F4B1973581A00CE2940 /* FeedCollectionViewFlowLayout.m */,
			);
			name = Layouts;
			sourceTree = "<group>";
		};
		2D429A18197AF32E00F8A9A0 /* Reachability */ = {
			isa = PBXGroup;
			children = (
				2D429A19197AF37000F8A9A0 /* Reachability.h */,
				2D429A1A197AF37000F8A9A0 /* Reachability.m */,
			);
			name = Reachability;
			sourceTree = "<group>";
		};
		2D429A1C197B2C0F00F8A9A0 /* First Login */ = {
			isa = PBXGroup;
			children = (
				2DBC6E9F195CBCE2008B5AD3 /* FTInterestsViewController.h */,
				2DBC6EA0195CBCE2008B5AD3 /* FTInterestsViewController.m */,
				2DACD979196578DA00833C14 /* FTInspirationViewController.h */,
				2DACD97A196578DA00833C14 /* FTInspirationViewController.m */,
			);
			name = "First Login";
			sourceTree = "<group>";
		};
		2D429A1D197B2D2600F8A9A0 /* Controllers */ = {
			isa = PBXGroup;
			children = (
				2DD31E0219AF4F41000A6D2D /* Friends */,
				2D0A53AD1971AC240091FFCA /* Home */,
				2DD2B65F1983FE1500600A42 /* Offers */,
				2DD2B65D1983FDF400600A42 /* Search */,
				2DD2B65C1983FDE800600A42 /* Profile */,
				2DD2B65A1983FDB800600A42 /* Detail */,
				2DD2B6591983FDAC00600A42 /* Activity */,
				2DD691951949B1EB00B59E75 /* Login */,
				2DBC6E57195C77FF008B5AD3 /* Take Photo */,
				2DD2B65B1983FDBE00600A42 /* JUNK */,
				2DD2B69519841ACE00600A42 /* Settings */,
				2D429A1E197B2F4C00F8A9A0 /* FTTabBarController.h */,
				2D429A1F197B2F4C00F8A9A0 /* FTTabBarController.m */,
			);
			name = Controllers;
			sourceTree = "<group>";
		};
		2D429A27197B33F500F8A9A0 /* MBProgressHUD */ = {
			isa = PBXGroup;
			children = (
				2D429A2B197B345300F8A9A0 /* MBProgressHUD.h */,
				2D429A2C197B345300F8A9A0 /* MBProgressHUD.m */,
			);
			name = MBProgressHUD;
			sourceTree = "<group>";
		};
		2D429A28197B340700F8A9A0 /* TTTTimeIntervalFormatter */ = {
			isa = PBXGroup;
			children = (
				2D429A2E197B34DC00F8A9A0 /* TTTTimeIntervalFormatter.h */,
				2D429A2F197B34DC00F8A9A0 /* TTTTimeIntervalFormatter.m */,
			);
			name = TTTTimeIntervalFormatter;
			sourceTree = "<group>";
		};
		2D429A29197B341400F8A9A0 /* UIImageEffects */ = {
			isa = PBXGroup;
			children = (
				2D429A31197B354600F8A9A0 /* UIImage+ImageEffects.h */,
				2D429A32197B354600F8A9A0 /* UIImage+ImageEffects.m */,
			);
			name = UIImageEffects;
			sourceTree = "<group>";
		};
		2DABDA07195DE0F500379891 /* Custom Bars */ = {
			isa = PBXGroup;
			children = (
				2DABDA08195DE15900379891 /* ImageCustomNavigationBar.h */,
				2DABDA09195DE15900379891 /* ImageCustomNavigationBar.m */,
				2DABDA0B1960520800379891 /* CustomToolBar.h */,
				2DABDA0C1960520800379891 /* CustomToolBar.m */,
				2D410F4D19735B5B00CE2940 /* FTNavigationBar.h */,
				2D410F4E19735B5B00CE2940 /* FTNavigationBar.m */,
				2D410F5019735B7500CE2940 /* FTToolBar.h */,
				2D410F5119735B7500CE2940 /* FTToolBar.m */,
				2D9949741996A9AF000E321E /* FTCameraToolBar.h */,
				2D9949751996A9B0000E321E /* FTCameraToolBar.m */,
			);
			name = "Custom Bars";
			sourceTree = "<group>";
		};
		2DBC6E57195C77FF008B5AD3 /* Take Photo */ = {
			isa = PBXGroup;
			children = (
				2DBC6E58195C783C008B5AD3 /* FTCamRollViewController.h */,
				2DBC6E59195C783C008B5AD3 /* FTCamRollViewController.m */,
				2DD2B66B198402BB00600A42 /* FTEditPhotoViewController.h */,
				2DD2B66C198402BB00600A42 /* FTEditPhotoViewController.m */,
				2DC507CA199829940041A03D /* FTCamViewController.h */,
				2DC507CB199829940041A03D /* FTCamViewController.m */,
				2DAF5B9F19B2A28E00E5E10B /* FTEditVideoViewController.h */,
				2DAF5BA019B2A28E00E5E10B /* FTEditVideoViewController.m */,
			);
			name = "Take Photo";
			sourceTree = "<group>";
		};
		2DD2B6591983FDAC00600A42 /* Activity */ = {
			isa = PBXGroup;
			children = (
				2D429A0F1977EE8F00F8A9A0 /* FTActivityFeedViewController.h */,
				2D429A101977EE8F00F8A9A0 /* FTActivityFeedViewController.m */,
			);
			name = Activity;
			sourceTree = "<group>";
		};
		2DD2B65A1983FDB800600A42 /* Detail */ = {
			isa = PBXGroup;
			children = (
				2DD2B681198414B700600A42 /* FTPhotoDetailsViewController.h */,
				2DD2B682198414B700600A42 /* FTPhotoDetailsViewController.m */,
			);
			name = Detail;
			sourceTree = "<group>";
		};
		2DD2B65B1983FDBE00600A42 /* JUNK */ = {
			isa = PBXGroup;
			children = (
				2D429A091977ED6000F8A9A0 /* FTProfileViewController.h */,
				2D429A0A1977ED6000F8A9A0 /* FTProfileViewController.m */,
				2D410F461973575C00CE2940 /* FTFeedViewController.h */,
				2D410F471973575C00CE2940 /* FTFeedViewController.m */,
				2D0A53AA1971ABFF0091FFCA /* FindFriendsViewController.h */,
				2D0A53AB1971ABFF0091FFCA /* FindFriendsViewController.m */,
			);
			name = JUNK;
			sourceTree = "<group>";
		};
		2DD2B65C1983FDE800600A42 /* Profile */ = {
			isa = PBXGroup;
			children = (
				2DD2B6841984164E00600A42 /* FTAccountViewController.h */,
				2DD2B6851984164E00600A42 /* FTAccountViewController.m */,
			);
			name = Profile;
			sourceTree = "<group>";
		};
		2DD2B65D1983FDF400600A42 /* Search */ = {
			isa = PBXGroup;
			children = (
				2D429A0C1977EE7700F8A9A0 /* FTSearchViewController.h */,
				2D429A0D1977EE7700F8A9A0 /* FTSearchViewController.m */,
			);
			name = Search;
			sourceTree = "<group>";
		};
		2DD2B65F1983FE1500600A42 /* Offers */ = {
			isa = PBXGroup;
			children = (
				2D429A121977EE9E00F8A9A0 /* FTOffersViewController.h */,
				2D429A131977EE9E00F8A9A0 /* FTOffersViewController.m */,
			);
			name = Offers;
			sourceTree = "<group>";
		};
		2DD2B66A1984014200600A42 /* UICollectionViewCells */ = {
			isa = PBXGroup;
			children = (
				2DACE8121966FF7200154504 /* CollectionHeaderView.h */,
				2DACE8131966FF7200154504 /* CollectionHeaderView.m */,
				2DABDA04195DC0E500379891 /* PhotoCellCollectionView.h */,
				2DABDA05195DC0E500379891 /* PhotoCellCollectionView.m */,
				2DACD9731962D62200833C14 /* InterestCellCollectionView.h */,
				2DACD9741962D62200833C14 /* InterestCellCollectionView.m */,
				2D0A53A61971997F0091FFCA /* InspirationCellCollectionView.h */,
				2D0A53A71971997F0091FFCA /* InspirationCellCollectionView.m */,
			);
			name = UICollectionViewCells;
			sourceTree = "<group>";
		};
		2DD2B66E1984033900600A42 /* Views */ = {
			isa = PBXGroup;
			children = (
				2DD2B68A198416E800600A42 /* TimelineViews */,
				2DD2B66F1984035400600A42 /* PhotoDetailsViews */,
				2DD2B68E1984179600600A42 /* UITableViewCells */,
				2DD2B66A1984014200600A42 /* UICollectionViewCells */,
				2DD2B6771984046B00600A42 /* FTProfileImageView.h */,
				2DD2B6781984046B00600A42 /* FTProfileImageView.m */,
				2DD2B69F19841DB000600A42 /* FTSettingsButtonItem.h */,
				2DD2B6A019841DB000600A42 /* FTSettingsButtonItem.m */,
				2DD2B6A219841E0900600A42 /* FTImageView.h */,
				2DD2B6A319841E0900600A42 /* FTImageView.m */,
			);
			name = Views;
			sourceTree = "<group>";
		};
		2DD2B66F1984035400600A42 /* PhotoDetailsViews */ = {
			isa = PBXGroup;
			children = (
				2DD2B6711984039500600A42 /* FTPhotoDetailsHeaderView.h */,
				2DD2B6721984039500600A42 /* FTPhotoDetailsHeaderView.m */,
				2DD2B674198403FC00600A42 /* FTPhotoDetailsFooterView.h */,
				2DD2B675198403FC00600A42 /* FTPhotoDetailsFooterView.m */,
				2DBEEE5519AB4F1E00AAD238 /* FTPostDetailsFooterView.h */,
				2DBEEE5619AB4F1E00AAD238 /* FTPostDetailsFooterView.m */,
			);
			name = PhotoDetailsViews;
			sourceTree = "<group>";
		};
		2DD2B67A19840F6C00600A42 /* FTBaseTextCell */ = {
			isa = PBXGroup;
			children = (
				2DD2B67E1984100000600A42 /* FTBaseTextCell.h */,
				2DD2B67F1984100000600A42 /* FTBaseTextCell.m */,
				2DD2B67B19840FB500600A42 /* FTActivityCell.h */,
				2DD2B67C19840FB500600A42 /* FTActivityCell.m */,
				2DD2B69C19841C3100600A42 /* FTFindFriendsCell.h */,
				2DD2B69D19841C3100600A42 /* FTFindFriendsCell.m */,
			);
			name = FTBaseTextCell;
			sourceTree = "<group>";
		};
		2DD2B68A198416E800600A42 /* TimelineViews */ = {
			isa = PBXGroup;
			children = (
				2DD2B68B1984170800600A42 /* FTPhotoHeaderView.h */,
				2DD2B68C1984170800600A42 /* FTPhotoHeaderView.m */,
			);
			name = TimelineViews;
			sourceTree = "<group>";
		};
		2DD2B68E1984179600600A42 /* UITableViewCells */ = {
			isa = PBXGroup;
			children = (
				2DD2B67A19840F6C00600A42 /* FTBaseTextCell */,
				2DD2B68F198417D500600A42 /* FTLoadMoreCell.h */,
				2DD2B690198417D500600A42 /* FTLoadMoreCell.m */,
				2DD2B692198418C300600A42 /* FTPhotoCell.h */,
				2DD2B693198418C300600A42 /* FTPhotoCell.m */,
			);
			name = UITableViewCells;
			sourceTree = "<group>";
		};
		2DD2B69519841ACE00600A42 /* Settings */ = {
			isa = PBXGroup;
			children = (
				2DD2B69919841BC700600A42 /* FTSettingsActionSheetDelegate.h */,
				2DD2B69A19841BC700600A42 /* FTSettingsActionSheetDelegate.m */,
				2D9949711996905E000E321E /* FTOverlayView.h */,
				2D9949721996905E000E321E /* FTOverlayView.m */,
			);
			name = Settings;
			sourceTree = "<group>";
		};
		2DD31E0219AF4F41000A6D2D /* Friends */ = {
			isa = PBXGroup;
			children = (
				2DD2B69619841B0600600A42 /* FTFindFriendsViewController.h */,
				2DD2B69719841B0600600A42 /* FTFindFriendsViewController.m */,
			);
			name = Friends;
			sourceTree = "<group>";
		};
		2DD691401949AF5B00B59E75 = {
			isa = PBXGroup;
			children = (
				2DD691521949AF5B00B59E75 /* FitTag */,
				2DD6914B1949AF5B00B59E75 /* Frameworks */,
				2DD6914A1949AF5B00B59E75 /* Products */,
				2DD691711949AF5B00B59E75 /* FitTagTests */,
			);
			sourceTree = "<group>";
		};
		2DD6914A1949AF5B00B59E75 /* Products */ = {
			isa = PBXGroup;
			children = (
				2DD691491949AF5B00B59E75 /* FitTag.app */,
			);
			name = Products;
			sourceTree = "<group>";
		};
		2DD6914B1949AF5B00B59E75 /* Frameworks */ = {
			isa = PBXGroup;
			children = (
				2D429A29197B341400F8A9A0 /* UIImageEffects */,
				2D429A28197B340700F8A9A0 /* TTTTimeIntervalFormatter */,
				2D429A27197B33F500F8A9A0 /* MBProgressHUD */,
				2D429A25197B339900F8A9A0 /* libsqlite3.dylib */,
				2D429A23197B321E00F8A9A0 /* AVFoundation.framework */,
				2D429A21197B320C00F8A9A0 /* ImageIO.framework */,
				2D429A18197AF32E00F8A9A0 /* Reachability */,
				2DABDA02195DA48200379891 /* AssetsLibrary.framework */,
				2DD691A31949C7E300B59E75 /* FacebookSDK.framework */,
				2DD691A11949C7C700B59E75 /* Accounts.framework */,
				2DD6919F1949C7BA00B59E75 /* Social.framework */,
				2DD6918B1949B07C00B59E75 /* MobileCoreServices.framework */,
				2DD6918C1949B07C00B59E75 /* QuartzCore.framework */,
				2DD6918D1949B07C00B59E75 /* Security.framework */,
				2DD6918E1949B07C00B59E75 /* StoreKit.framework */,
				2DD6918F1949B07C00B59E75 /* SystemConfiguration.framework */,
				2DD691831949B04F00B59E75 /* AudioToolbox.framework */,
				2DD691841949B04F00B59E75 /* CFNetwork.framework */,
				2DD691851949B04F00B59E75 /* CoreLocation.framework */,
				2DD691861949B04F00B59E75 /* libz.dylib */,
				2DD691811949AFA100B59E75 /* Parse.framework */,
				2DD6914C1949AF5B00B59E75 /* Foundation.framework */,
				2DD6914E1949AF5B00B59E75 /* CoreGraphics.framework */,
				2DD691501949AF5B00B59E75 /* UIKit.framework */,
				2DD6916B1949AF5B00B59E75 /* XCTest.framework */,
			);
			name = Frameworks;
			sourceTree = "<group>";
		};
		2DD691521949AF5B00B59E75 /* FitTag */ = {
			isa = PBXGroup;
			children = (
				2DD2B66E1984033900600A42 /* Views */,
				2D0A53A91971A65F0091FFCA /* Categories */,
				2D410F49197357E900CE2940 /* Layouts */,
				2DABDA07195DE0F500379891 /* Custom Bars */,
				2D429A1D197B2D2600F8A9A0 /* Controllers */,
				2DD6915B1949AF5B00B59E75 /* AppDelegate.h */,
				2DD6915C1949AF5B00B59E75 /* AppDelegate.m */,
				2D429A15197AD47000F8A9A0 /* FTConstants.h */,
				2D429A16197AD47000F8A9A0 /* FTConstants.m */,
				2DD2B6531983FD0E00600A42 /* FTUtility.h */,
				2DD2B6541983FD0E00600A42 /* FTUtility.m */,
				2DD2B6561983FD2C00600A42 /* FTCache.h */,
				2DD2B6571983FD2C00600A42 /* FTCache.m */,
				2DD691641949AF5B00B59E75 /* Images.xcassets */,
				2DD691531949AF5B00B59E75 /* Supporting Files */,
			);
			path = FitTag;
			sourceTree = "<group>";
		};
		2DD691531949AF5B00B59E75 /* Supporting Files */ = {
			isa = PBXGroup;
			children = (
				2DD691541949AF5B00B59E75 /* FitTag-Info.plist */,
				2DD691551949AF5B00B59E75 /* InfoPlist.strings */,
				2DD691581949AF5B00B59E75 /* main.m */,
				2DD6915A1949AF5B00B59E75 /* Prefix.pch */,
			);
			name = "Supporting Files";
			sourceTree = "<group>";
		};
		2DD691711949AF5B00B59E75 /* FitTagTests */ = {
			isa = PBXGroup;
			children = (
				2DD691771949AF5B00B59E75 /* FitTagTests.m */,
				2DD691721949AF5B00B59E75 /* Supporting Files */,
			);
			path = FitTagTests;
			sourceTree = "<group>";
		};
		2DD691721949AF5B00B59E75 /* Supporting Files */ = {
			isa = PBXGroup;
			children = (
				2DD691731949AF5B00B59E75 /* FitTagTests-Info.plist */,
				2DD691741949AF5B00B59E75 /* InfoPlist.strings */,
			);
			name = "Supporting Files";
			sourceTree = "<group>";
		};
		2DD691951949B1EB00B59E75 /* Login */ = {
			isa = PBXGroup;
			children = (
				2DD691961949B24300B59E75 /* FTConfigViewController.h */,
				2DD691971949B24300B59E75 /* FTConfigViewController.m */,
				2DD691991949B71B00B59E75 /* FTLoginViewController.h */,
				2DD6919A1949B71B00B59E75 /* FTLoginViewController.m */,
				2DD6919C1949B74400B59E75 /* FTSignupViewController.h */,
				2DD6919D1949B74400B59E75 /* FTSignupViewController.m */,
				2D429A1C197B2C0F00F8A9A0 /* First Login */,
			);
			name = Login;
			sourceTree = "<group>";
		};
/* End PBXGroup section */

/* Begin PBXNativeTarget section */
		2DD691481949AF5B00B59E75 /* FitTag */ = {
			isa = PBXNativeTarget;
			buildConfigurationList = 2DD6917B1949AF5B00B59E75 /* Build configuration list for PBXNativeTarget "FitTag" */;
			buildPhases = (
				2DD691451949AF5B00B59E75 /* Sources */,
				2DD691461949AF5B00B59E75 /* Frameworks */,
				2DD691471949AF5B00B59E75 /* Resources */,
			);
			buildRules = (
			);
			dependencies = (
			);
			name = FitTag;
			productName = FitTag;
			productReference = 2DD691491949AF5B00B59E75 /* FitTag.app */;
			productType = "com.apple.product-type.application";
		};
/* End PBXNativeTarget section */

/* Begin PBXProject section */
		2DD691411949AF5B00B59E75 /* Project object */ = {
			isa = PBXProject;
			attributes = {
				LastUpgradeCheck = 0510;
				ORGANIZATIONNAME = "___FULLUSERNAME___";
				TargetAttributes = {
					2DD691481949AF5B00B59E75 = {
						DevelopmentTeam = AJ3ZB3S8QB;
					};
				};
			};
			buildConfigurationList = 2DD691441949AF5B00B59E75 /* Build configuration list for PBXProject "FitTag" */;
			compatibilityVersion = "Xcode 3.2";
			developmentRegion = English;
			hasScannedForEncodings = 0;
			knownRegions = (
				en,
				Base,
			);
			mainGroup = 2DD691401949AF5B00B59E75;
			productRefGroup = 2DD6914A1949AF5B00B59E75 /* Products */;
			projectDirPath = "";
			projectRoot = "";
			targets = (
				2DD691481949AF5B00B59E75 /* FitTag */,
			);
		};
/* End PBXProject section */

/* Begin PBXResourcesBuildPhase section */
		2DD691471949AF5B00B59E75 /* Resources */ = {
			isa = PBXResourcesBuildPhase;
			buildActionMask = 2147483647;
			files = (
				2DD691651949AF5B00B59E75 /* Images.xcassets in Resources */,
				2DD691571949AF5B00B59E75 /* InfoPlist.strings in Resources */,
			);
			runOnlyForDeploymentPostprocessing = 0;
		};
/* End PBXResourcesBuildPhase section */

/* Begin PBXSourcesBuildPhase section */
		2DD691451949AF5B00B59E75 /* Sources */ = {
			isa = PBXSourcesBuildPhase;
			buildActionMask = 2147483647;
			files = (
				2DABDA0A195DE15900379891 /* ImageCustomNavigationBar.m in Sources */,
				2DD2B6801984100000600A42 /* FTBaseTextCell.m in Sources */,
				2DAF5BA119B2A28E00E5E10B /* FTEditVideoViewController.m in Sources */,
				2DD2B6861984164E00600A42 /* FTAccountViewController.m in Sources */,
				2DD2B67D19840FB500600A42 /* FTActivityCell.m in Sources */,
				2DD691981949B24300B59E75 /* FTConfigViewController.m in Sources */,
				2DD6919B1949B71B00B59E75 /* FTLoginViewController.m in Sources */,
				2DD2B691198417D500600A42 /* FTLoadMoreCell.m in Sources */,
				2DD2B68D1984170800600A42 /* FTPhotoHeaderView.m in Sources */,
				2D410F4C1973581A00CE2940 /* FeedCollectionViewFlowLayout.m in Sources */,
				2DD2B6551983FD0E00600A42 /* FTUtility.m in Sources */,
				2D6E0224196A24A1004DC010 /* InterestFlowLayout.m in Sources */,
				2DD2B6A419841E0900600A42 /* FTImageView.m in Sources */,
				2DD2B69B19841BC700600A42 /* FTSettingsActionSheetDelegate.m in Sources */,
				2DD6915D1949AF5B00B59E75 /* AppDelegate.m in Sources */,
				2D410F4F19735B5B00CE2940 /* FTNavigationBar.m in Sources */,
				2DD2B6791984046B00600A42 /* FTProfileImageView.m in Sources */,
				2D429A111977EE8F00F8A9A0 /* FTActivityFeedViewController.m in Sources */,
				2DACE8141966FF7200154504 /* CollectionHeaderView.m in Sources */,
				2D0A53A81971997F0091FFCA /* InspirationCellCollectionView.m in Sources */,
				2D429A1B197AF37000F8A9A0 /* Reachability.m in Sources */,
				2DACD97819656F8900833C14 /* InterestCollectionViewFlowLayout.m in Sources */,
				2DAA63DE1957A51F003B1DDF /* UIView+FormScroll.m in Sources */,
				2DD2B669198400D800600A42 /* UIImage+RoundedCornerAdditions.m in Sources */,
				2DD2B6581983FD2C00600A42 /* FTCache.m in Sources */,
				2DBC6EA1195CBCE2008B5AD3 /* FTInterestsViewController.m in Sources */,
				2DD2B69E19841C3100600A42 /* FTFindFriendsCell.m in Sources */,
				2D429A141977EE9E00F8A9A0 /* FTOffersViewController.m in Sources */,
				2DBEEE5719AB4F1E00AAD238 /* FTPostDetailsFooterView.m in Sources */,
				2D9949731996905E000E321E /* FTOverlayView.m in Sources */,
				2D429A0E1977EE7700F8A9A0 /* FTSearchViewController.m in Sources */,
				2DACD97B196578DA00833C14 /* FTInspirationViewController.m in Sources */,
				2D9949761996A9B0000E321E /* FTCameraToolBar.m in Sources */,
				2DD2B694198418C300600A42 /* FTPhotoCell.m in Sources */,
				2DABDA0D1960520800379891 /* CustomToolBar.m in Sources */,
				2DD691591949AF5B00B59E75 /* main.m in Sources */,
				2DD2B6A119841DB000600A42 /* FTSettingsButtonItem.m in Sources */,
				2D0A53AC1971ABFF0091FFCA /* FindFriendsViewController.m in Sources */,
				2D429A17197AD47000F8A9A0 /* FTConstants.m in Sources */,
				2D429A0B1977ED6000F8A9A0 /* FTProfileViewController.m in Sources */,
				2DC507D5199FBE030041A03D /* FTHomeViewController.m in Sources */,
				2DD2B69819841B0600600A42 /* FTFindFriendsViewController.m in Sources */,
				2DC507CC199829940041A03D /* FTCamViewController.m in Sources */,
				2DD2B6631984005300600A42 /* UIImage+AlphaAdditions.m in Sources */,
				2DD2B676198403FC00600A42 /* FTPhotoDetailsFooterView.m in Sources */,
				2D429A2D197B345300F8A9A0 /* MBProgressHUD.m in Sources */,
				2DD2B683198414B700600A42 /* FTPhotoDetailsViewController.m in Sources */,
				2DD2B6731984039500600A42 /* FTPhotoDetailsHeaderView.m in Sources */,
				2DACD9751962D62200833C14 /* InterestCellCollectionView.m in Sources */,
				2D429A20197B2F4C00F8A9A0 /* FTTabBarController.m in Sources */,
				2DD2B666198400C000600A42 /* UIImage+ResizeAdditions.m in Sources */,
				2D429A30197B34DC00F8A9A0 /* TTTTimeIntervalFormatter.m in Sources */,
				2D429A33197B354600F8A9A0 /* UIImage+ImageEffects.m in Sources */,
				2D410F5219735B7500CE2940 /* FTToolBar.m in Sources */,
				2D410F481973575C00CE2940 /* FTFeedViewController.m in Sources */,
				2DD2B6891984167200600A42 /* FTPhotoTimelineViewController.m in Sources */,
				2DD2B66D198402BB00600A42 /* FTEditPhotoViewController.m in Sources */,
				2DD6919E1949B74400B59E75 /* FTSignupViewController.m in Sources */,
				2DFE736C197316A700114541 /* FindFriendsFlowLayout.m in Sources */,
				2DABDA06195DC0E500379891 /* PhotoCellCollectionView.m in Sources */,
				2DBC6E5A195C783C008B5AD3 /* FTCamRollViewController.m in Sources */,
			);
			runOnlyForDeploymentPostprocessing = 0;
		};
/* End PBXSourcesBuildPhase section */

/* Begin PBXVariantGroup section */
		2DD691551949AF5B00B59E75 /* InfoPlist.strings */ = {
			isa = PBXVariantGroup;
			children = (
				2DD691561949AF5B00B59E75 /* en */,
			);
			name = InfoPlist.strings;
			sourceTree = "<group>";
		};
		2DD691741949AF5B00B59E75 /* InfoPlist.strings */ = {
			isa = PBXVariantGroup;
			children = (
				2DD691751949AF5B00B59E75 /* en */,
			);
			name = InfoPlist.strings;
			sourceTree = "<group>";
		};
/* End PBXVariantGroup section */

/* Begin XCBuildConfiguration section */
		2DD691791949AF5B00B59E75 /* Debug */ = {
			isa = XCBuildConfiguration;
			buildSettings = {
				ALWAYS_SEARCH_USER_PATHS = NO;
				CLANG_CXX_LANGUAGE_STANDARD = "gnu++0x";
				CLANG_CXX_LIBRARY = "libc++";
				CLANG_ENABLE_MODULES = YES;
				CLANG_ENABLE_OBJC_ARC = YES;
				CLANG_WARN_BOOL_CONVERSION = YES;
				CLANG_WARN_CONSTANT_CONVERSION = YES;
				CLANG_WARN_DIRECT_OBJC_ISA_USAGE = YES_ERROR;
				CLANG_WARN_EMPTY_BODY = YES;
				CLANG_WARN_ENUM_CONVERSION = YES;
				CLANG_WARN_INT_CONVERSION = YES;
				CLANG_WARN_OBJC_ROOT_CLASS = YES_ERROR;
				CLANG_WARN__DUPLICATE_METHOD_MATCH = YES;
				"CODE_SIGN_IDENTITY[sdk=iphoneos*]" = "iPhone Developer";
				COPY_PHASE_STRIP = NO;
				GCC_C_LANGUAGE_STANDARD = gnu99;
				GCC_DYNAMIC_NO_PIC = NO;
				GCC_OPTIMIZATION_LEVEL = 0;
				GCC_PREPROCESSOR_DEFINITIONS = (
					"DEBUG=1",
					"$(inherited)",
				);
				GCC_SYMBOLS_PRIVATE_EXTERN = NO;
				GCC_WARN_64_TO_32_BIT_CONVERSION = YES;
				GCC_WARN_ABOUT_RETURN_TYPE = YES_ERROR;
				GCC_WARN_UNDECLARED_SELECTOR = YES;
				GCC_WARN_UNINITIALIZED_AUTOS = YES_AGGRESSIVE;
				GCC_WARN_UNUSED_FUNCTION = YES;
				GCC_WARN_UNUSED_VARIABLE = YES;
				IPHONEOS_DEPLOYMENT_TARGET = 7.1;
				ONLY_ACTIVE_ARCH = YES;
				SDKROOT = iphoneos;
			};
			name = Debug;
		};
		2DD6917A1949AF5B00B59E75 /* Release */ = {
			isa = XCBuildConfiguration;
			buildSettings = {
				ALWAYS_SEARCH_USER_PATHS = NO;
				CLANG_CXX_LANGUAGE_STANDARD = "gnu++0x";
				CLANG_CXX_LIBRARY = "libc++";
				CLANG_ENABLE_MODULES = YES;
				CLANG_ENABLE_OBJC_ARC = YES;
				CLANG_WARN_BOOL_CONVERSION = YES;
				CLANG_WARN_CONSTANT_CONVERSION = YES;
				CLANG_WARN_DIRECT_OBJC_ISA_USAGE = YES_ERROR;
				CLANG_WARN_EMPTY_BODY = YES;
				CLANG_WARN_ENUM_CONVERSION = YES;
				CLANG_WARN_INT_CONVERSION = YES;
				CLANG_WARN_OBJC_ROOT_CLASS = YES_ERROR;
				CLANG_WARN__DUPLICATE_METHOD_MATCH = YES;
				"CODE_SIGN_IDENTITY[sdk=iphoneos*]" = "iPhone Developer";
				COPY_PHASE_STRIP = YES;
				ENABLE_NS_ASSERTIONS = NO;
				GCC_C_LANGUAGE_STANDARD = gnu99;
				GCC_WARN_64_TO_32_BIT_CONVERSION = YES;
				GCC_WARN_ABOUT_RETURN_TYPE = YES_ERROR;
				GCC_WARN_UNDECLARED_SELECTOR = YES;
				GCC_WARN_UNINITIALIZED_AUTOS = YES_AGGRESSIVE;
				GCC_WARN_UNUSED_FUNCTION = YES;
				GCC_WARN_UNUSED_VARIABLE = YES;
				IPHONEOS_DEPLOYMENT_TARGET = 7.1;
				SDKROOT = iphoneos;
				VALIDATE_PRODUCT = YES;
			};
			name = Release;
		};
		2DD6917C1949AF5B00B59E75 /* Debug */ = {
			isa = XCBuildConfiguration;
			buildSettings = {
				ASSETCATALOG_COMPILER_APPICON_NAME = AppIcon;
				ASSETCATALOG_COMPILER_LAUNCHIMAGE_NAME = LaunchImage;
				CODE_SIGN_IDENTITY = "iPhone Developer";
				"CODE_SIGN_IDENTITY[sdk=iphoneos*]" = "iPhone Developer";
				FRAMEWORK_SEARCH_PATHS = (
					"$(inherited)",
					"$(PROJECT_DIR)",
				);
				GCC_PRECOMPILE_PREFIX_HEADER = YES;
				GCC_PREFIX_HEADER = FitTag/Prefix.pch;
				INFOPLIST_FILE = "FitTag/FitTag-Info.plist";
				PRODUCT_NAME = "$(TARGET_NAME)";
				PROVISIONING_PROFILE = "";
				WRAPPER_EXTENSION = app;
			};
			name = Debug;
		};
		2DD6917D1949AF5B00B59E75 /* Release */ = {
			isa = XCBuildConfiguration;
			buildSettings = {
				ASSETCATALOG_COMPILER_APPICON_NAME = AppIcon;
				ASSETCATALOG_COMPILER_LAUNCHIMAGE_NAME = LaunchImage;
				CODE_SIGN_IDENTITY = "iPhone Developer";
				"CODE_SIGN_IDENTITY[sdk=iphoneos*]" = "iPhone Developer";
				FRAMEWORK_SEARCH_PATHS = (
					"$(inherited)",
					"$(PROJECT_DIR)",
				);
				GCC_PRECOMPILE_PREFIX_HEADER = YES;
				GCC_PREFIX_HEADER = FitTag/Prefix.pch;
				INFOPLIST_FILE = "FitTag/FitTag-Info.plist";
				PRODUCT_NAME = "$(TARGET_NAME)";
				PROVISIONING_PROFILE = "";
				WRAPPER_EXTENSION = app;
			};
			name = Release;
		};
/* End XCBuildConfiguration section */

/* Begin XCConfigurationList section */
		2DD691441949AF5B00B59E75 /* Build configuration list for PBXProject "FitTag" */ = {
			isa = XCConfigurationList;
			buildConfigurations = (
				2DD691791949AF5B00B59E75 /* Debug */,
				2DD6917A1949AF5B00B59E75 /* Release */,
			);
			defaultConfigurationIsVisible = 0;
			defaultConfigurationName = Release;
		};
		2DD6917B1949AF5B00B59E75 /* Build configuration list for PBXNativeTarget "FitTag" */ = {
			isa = XCConfigurationList;
			buildConfigurations = (
				2DD6917C1949AF5B00B59E75 /* Debug */,
				2DD6917D1949AF5B00B59E75 /* Release */,
			);
			defaultConfigurationIsVisible = 0;
			defaultConfigurationName = Release;
		};
/* End XCConfigurationList section */
	};
	rootObject = 2DD691411949AF5B00B59E75 /* Project object */;
}
